// !$*UTF8*$!
{
	archiveVersion = 1;
	classes = {
	};
	objectVersion = 56;
	objects = {

/* Begin PBXBuildFile section */
		BF28209929C397680022760E /* UnixTerminalView.swift in Sources */ = {isa = PBXBuildFile; fileRef = BF28209829C397680022760E /* UnixTerminalView.swift */; };
		BF816F8429B3BB4C00F6CA26 /* RegistrationViewModel.swift in Sources */ = {isa = PBXBuildFile; fileRef = BF816F8329B3BB4C00F6CA26 /* RegistrationViewModel.swift */; };
		BF816F8829B3C26700F6CA26 /* SessionUserDetails.swift in Sources */ = {isa = PBXBuildFile; fileRef = BF816F8729B3C26700F6CA26 /* SessionUserDetails.swift */; };
		BF816F8B29B3C2E000F6CA26 /* SessionService.swift in Sources */ = {isa = PBXBuildFile; fileRef = BF816F8A29B3C2E000F6CA26 /* SessionService.swift */; };
		BF816F8F29B3DA2F00F6CA26 /* GoogleService-Info.plist in Resources */ = {isa = PBXBuildFile; fileRef = BF816F8E29B3DA2F00F6CA26 /* GoogleService-Info.plist */; };
		BF816F9229B3E14900F6CA26 /* LoginCredentials.swift in Sources */ = {isa = PBXBuildFile; fileRef = BF816F9129B3E14900F6CA26 /* LoginCredentials.swift */; };
		BF816F9529B3E1A000F6CA26 /* LoginService.swift in Sources */ = {isa = PBXBuildFile; fileRef = BF816F9429B3E1A000F6CA26 /* LoginService.swift */; };
		BF816F9829B3E3B400F6CA26 /* LoginViewModel.swift in Sources */ = {isa = PBXBuildFile; fileRef = BF816F9729B3E3B400F6CA26 /* LoginViewModel.swift */; };
		BF816F9B29B3E79C00F6CA26 /* ForgotPasswordService.swift in Sources */ = {isa = PBXBuildFile; fileRef = BF816F9A29B3E79C00F6CA26 /* ForgotPasswordService.swift */; };
		BF816F9E29B3ED0B00F6CA26 /* ForgotPasswordViewModel.swift in Sources */ = {isa = PBXBuildFile; fileRef = BF816F9D29B3ED0B00F6CA26 /* ForgotPasswordViewModel.swift */; };
		BF8234B72A07F73E006C19D8 /* Page5.swift in Sources */ = {isa = PBXBuildFile; fileRef = BF8234B62A07F73E006C19D8 /* Page5.swift */; };
		BF8234B92A081A24006C19D8 /* NRPage4.swift in Sources */ = {isa = PBXBuildFile; fileRef = BF8234B82A081A24006C19D8 /* NRPage4.swift */; };
		BF8234BB2A081C68006C19D8 /* PCPage4.swift in Sources */ = {isa = PBXBuildFile; fileRef = BF8234BA2A081C68006C19D8 /* PCPage4.swift */; };
		BF906A1729B65F8500B0E709 /* GoogleSignIn in Frameworks */ = {isa = PBXBuildFile; productRef = BF906A1629B65F8500B0E709 /* GoogleSignIn */; };
		BF906A1929B65F8500B0E709 /* GoogleSignInSwift in Frameworks */ = {isa = PBXBuildFile; productRef = BF906A1829B65F8500B0E709 /* GoogleSignInSwift */; };
		BF906A1C29B6611C00B0E709 /* GoogleSignInViewModel.swift in Sources */ = {isa = PBXBuildFile; fileRef = BF906A1B29B6611C00B0E709 /* GoogleSignInViewModel.swift */; };
		BF98302429B8FF6C0028D6D1 /* LoginView.swift in Sources */ = {isa = PBXBuildFile; fileRef = BF98302329B8FF6C0028D6D1 /* LoginView.swift */; };
		BF98302629B918C20028D6D1 /* RegisterView.swift in Sources */ = {isa = PBXBuildFile; fileRef = BF98302529B918C20028D6D1 /* RegisterView.swift */; };
		BF9D773A29EF4C81007B8C25 /* HeadingTextView.swift in Sources */ = {isa = PBXBuildFile; fileRef = BF9D773929EF4C81007B8C25 /* HeadingTextView.swift */; };
		BF9D773C29EF4D18007B8C25 /* SubheadingView.swift in Sources */ = {isa = PBXBuildFile; fileRef = BF9D773B29EF4D18007B8C25 /* SubheadingView.swift */; };
		BF9D773E29EF4D96007B8C25 /* Subheading2View.swift in Sources */ = {isa = PBXBuildFile; fileRef = BF9D773D29EF4D96007B8C25 /* Subheading2View.swift */; };
		BF9D774029EF5179007B8C25 /* SQLTextView.swift in Sources */ = {isa = PBXBuildFile; fileRef = BF9D773F29EF5179007B8C25 /* SQLTextView.swift */; };
		BF9D774229EF5D01007B8C25 /* Page2.swift in Sources */ = {isa = PBXBuildFile; fileRef = BF9D774129EF5D01007B8C25 /* Page2.swift */; };
		BFA175C229BFC39600B5EDB1 /* ModelData.swift in Sources */ = {isa = PBXBuildFile; fileRef = BFA175C129BFC39600B5EDB1 /* ModelData.swift */; };
		BFA175C429BFC3C000B5EDB1 /* Module.swift in Sources */ = {isa = PBXBuildFile; fileRef = BFA175C329BFC3C000B5EDB1 /* Module.swift */; };
		BFA175C729BFC47500B5EDB1 /* moduleData.json in Resources */ = {isa = PBXBuildFile; fileRef = BFA175C629BFC47500B5EDB1 /* moduleData.json */; };
		BFA175C929BFC7E200B5EDB1 /* CircleImage.swift in Sources */ = {isa = PBXBuildFile; fileRef = BFA175C829BFC7E200B5EDB1 /* CircleImage.swift */; };
		BFA175CB29BFCAAD00B5EDB1 /* ModuleCard.swift in Sources */ = {isa = PBXBuildFile; fileRef = BFA175CA29BFCAAD00B5EDB1 /* ModuleCard.swift */; };
		BFA175D129BFE0F100B5EDB1 /* ProfileSummary.swift in Sources */ = {isa = PBXBuildFile; fileRef = BFA175D029BFE0F100B5EDB1 /* ProfileSummary.swift */; };
		BFA4880529F0283300F4EA37 /* Page4.swift in Sources */ = {isa = PBXBuildFile; fileRef = BFA4880429F0283300F4EA37 /* Page4.swift */; };
		BFA4880729F02A6E00F4EA37 /* PHPTextView.swift in Sources */ = {isa = PBXBuildFile; fileRef = BFA4880629F02A6E00F4EA37 /* PHPTextView.swift */; };
		BFA4880929F05FDF00F4EA37 /* NRPage1.swift in Sources */ = {isa = PBXBuildFile; fileRef = BFA4880829F05FDF00F4EA37 /* NRPage1.swift */; };
		BFA4880B29F0670500F4EA37 /* NRPage2.swift in Sources */ = {isa = PBXBuildFile; fileRef = BFA4880A29F0670500F4EA37 /* NRPage2.swift */; };
		BFA4880D29F0683600F4EA37 /* networkReconData.json in Resources */ = {isa = PBXBuildFile; fileRef = BFA4880C29F0683600F4EA37 /* networkReconData.json */; };
		BFA4880F29F0687600F4EA37 /* NetworkReconData.swift in Sources */ = {isa = PBXBuildFile; fileRef = BFA4880E29F0687600F4EA37 /* NetworkReconData.swift */; };
		BFA4881129F06DE400F4EA37 /* NmapCommandsView.swift in Sources */ = {isa = PBXBuildFile; fileRef = BFA4881029F06DE400F4EA37 /* NmapCommandsView.swift */; };
		BFA9A70829F1801800DC0229 /* NRPage3.swift in Sources */ = {isa = PBXBuildFile; fileRef = BFA9A70729F1801800DC0229 /* NRPage3.swift */; };
		BFA9A70A29F1AB0400DC0229 /* passwordCrackingData.json in Resources */ = {isa = PBXBuildFile; fileRef = BFA9A70929F1AB0400DC0229 /* passwordCrackingData.json */; };
		BFA9A70C29F1AB3100DC0229 /* PasswordCrackingData.swift in Sources */ = {isa = PBXBuildFile; fileRef = BFA9A70B29F1AB3100DC0229 /* PasswordCrackingData.swift */; };
		BFA9A70E29F1AC6B00DC0229 /* PCPage1.swift in Sources */ = {isa = PBXBuildFile; fileRef = BFA9A70D29F1AC6B00DC0229 /* PCPage1.swift */; };
		BFA9A71029F1B27700DC0229 /* PCPage2.swift in Sources */ = {isa = PBXBuildFile; fileRef = BFA9A70F29F1B27700DC0229 /* PCPage2.swift */; };
		BFA9A71229F1F6B100DC0229 /* PCPage3.swift in Sources */ = {isa = PBXBuildFile; fileRef = BFA9A71129F1F6B100DC0229 /* PCPage3.swift */; };
		BFB1F88B29EFF9E9005AF7E8 /* LoginPortalView.swift in Sources */ = {isa = PBXBuildFile; fileRef = BFB1F88A29EFF9E9005AF7E8 /* LoginPortalView.swift */; };
		BFB1F88D29EFFDED005AF7E8 /* LoginSuccessfulView.swift in Sources */ = {isa = PBXBuildFile; fileRef = BFB1F88C29EFFDED005AF7E8 /* LoginSuccessfulView.swift */; };
		BFB1F88F29F005F5005AF7E8 /* Page3.swift in Sources */ = {isa = PBXBuildFile; fileRef = BFB1F88E29F005F5005AF7E8 /* Page3.swift */; };
		BFB6A1F529B2739700FF84F5 /* InputTextFieldView.swift in Sources */ = {isa = PBXBuildFile; fileRef = BFB6A1F429B2739700FF84F5 /* InputTextFieldView.swift */; };
		BFB6A1F829B276A500FF84F5 /* PreviewLayoutComponentModifier.swift in Sources */ = {isa = PBXBuildFile; fileRef = BFB6A1F729B276A500FF84F5 /* PreviewLayoutComponentModifier.swift */; };
		BFB6A1FA29B277BB00FF84F5 /* InputPasswordView.swift in Sources */ = {isa = PBXBuildFile; fileRef = BFB6A1F929B277BB00FF84F5 /* InputPasswordView.swift */; };
		BFB6A1FC29B27A4800FF84F5 /* ButtonView.swift in Sources */ = {isa = PBXBuildFile; fileRef = BFB6A1FB29B27A4800FF84F5 /* ButtonView.swift */; };
		BFB6A1FF29B2812F00FF84F5 /* CloseModifier.swift in Sources */ = {isa = PBXBuildFile; fileRef = BFB6A1FE29B2812F00FF84F5 /* CloseModifier.swift */; };
		BFB6A20329B285F100FF84F5 /* HomeView.swift in Sources */ = {isa = PBXBuildFile; fileRef = BFB6A20229B285F100FF84F5 /* HomeView.swift */; };
		BFB6A20529B286F500FF84F5 /* ForgotPasswordView.swift in Sources */ = {isa = PBXBuildFile; fileRef = BFB6A20429B286F500FF84F5 /* ForgotPasswordView.swift */; };
		BFB6A20829B28EA700FF84F5 /* RegistrationDetails.swift in Sources */ = {isa = PBXBuildFile; fileRef = BFB6A20729B28EA700FF84F5 /* RegistrationDetails.swift */; };
		BFB6A20B29B28F1400FF84F5 /* RegistrationService.swift in Sources */ = {isa = PBXBuildFile; fileRef = BFB6A20A29B28F1400FF84F5 /* RegistrationService.swift */; };
		BFB6A20E29B2910700FF84F5 /* FirebaseAuth in Frameworks */ = {isa = PBXBuildFile; productRef = BFB6A20D29B2910700FF84F5 /* FirebaseAuth */; };
		BFB6A21029B2910700FF84F5 /* FirebaseDatabase in Frameworks */ = {isa = PBXBuildFile; productRef = BFB6A20F29B2910700FF84F5 /* FirebaseDatabase */; };
		BFB6A21229B2910700FF84F5 /* FirebaseFirestore in Frameworks */ = {isa = PBXBuildFile; productRef = BFB6A21129B2910700FF84F5 /* FirebaseFirestore */; };
		BFB6A21429B2910700FF84F5 /* FirebaseStorage in Frameworks */ = {isa = PBXBuildFile; productRef = BFB6A21329B2910700FF84F5 /* FirebaseStorage */; };
		BFD5949B29C0A09A00C7820F /* SQLInjectionView.swift in Sources */ = {isa = PBXBuildFile; fileRef = BFD5949A29C0A09A00C7820F /* SQLInjectionView.swift */; };
		BFD5949E29C0A1AB00C7820F /* NetworkReconView.swift in Sources */ = {isa = PBXBuildFile; fileRef = BFD5949D29C0A1AB00C7820F /* NetworkReconView.swift */; };
		BFD594A029C0A2C000C7820F /* ModuleViewHandler.swift in Sources */ = {isa = PBXBuildFile; fileRef = BFD5949F29C0A2C000C7820F /* ModuleViewHandler.swift */; };
		BFD594A329C0A3DE00C7820F /* XSSView.swift in Sources */ = {isa = PBXBuildFile; fileRef = BFD594A229C0A3DE00C7820F /* XSSView.swift */; };
		BFD594A629C0A40300C7820F /* PasswordCrackingView.swift in Sources */ = {isa = PBXBuildFile; fileRef = BFD594A529C0A40300C7820F /* PasswordCrackingView.swift */; };
		BFD594A929C0A42800C7820F /* OSINTView.swift in Sources */ = {isa = PBXBuildFile; fileRef = BFD594A829C0A42800C7820F /* OSINTView.swift */; };
		BFD594AC29C0A45C00C7820F /* LegalAndEthicsView.swift in Sources */ = {isa = PBXBuildFile; fileRef = BFD594AB29C0A45C00C7820F /* LegalAndEthicsView.swift */; };
		BFD594AE29C0AA4300C7820F /* SQLInjectionData.json in Resources */ = {isa = PBXBuildFile; fileRef = BFD594AD29C0AA4300C7820F /* SQLInjectionData.json */; };
		BFD594B229C0AC1B00C7820F /* SQLInjectionData.swift in Sources */ = {isa = PBXBuildFile; fileRef = BFD594B129C0AC1B00C7820F /* SQLInjectionData.swift */; };
		BFD594B429C0AFA600C7820F /* Page1.swift in Sources */ = {isa = PBXBuildFile; fileRef = BFD594B329C0AFA600C7820F /* Page1.swift */; };
		BFE0A5A329AFF9E900D47803 /* DissertationProject2023App.swift in Sources */ = {isa = PBXBuildFile; fileRef = BFE0A5A229AFF9E900D47803 /* DissertationProject2023App.swift */; };
		BFE0A5A529AFF9E900D47803 /* ContentView.swift in Sources */ = {isa = PBXBuildFile; fileRef = BFE0A5A429AFF9E900D47803 /* ContentView.swift */; };
		BFE0A5A729AFF9EA00D47803 /* Assets.xcassets in Resources */ = {isa = PBXBuildFile; fileRef = BFE0A5A629AFF9EA00D47803 /* Assets.xcassets */; };
		BFE0A5AA29AFF9EA00D47803 /* Preview Assets.xcassets in Resources */ = {isa = PBXBuildFile; fileRef = BFE0A5A929AFF9EA00D47803 /* Preview Assets.xcassets */; };
		BFF508B929F2EAE300B266F8 /* LEPage1.swift in Sources */ = {isa = PBXBuildFile; fileRef = BFF508B829F2EAE300B266F8 /* LEPage1.swift */; };
		BFF508BD29F2EB2300B266F8 /* legalAndEthicsData.json in Resources */ = {isa = PBXBuildFile; fileRef = BFF508BC29F2EB2300B266F8 /* legalAndEthicsData.json */; };
		BFF508BF29F2EB8A00B266F8 /* LegalAndEthicsData.swift in Sources */ = {isa = PBXBuildFile; fileRef = BFF508BE29F2EB8A00B266F8 /* LegalAndEthicsData.swift */; };
		BFF508C129F2F68C00B266F8 /* LEPage2.swift in Sources */ = {isa = PBXBuildFile; fileRef = BFF508C029F2F68C00B266F8 /* LEPage2.swift */; };
		BFF508C329F3529000B266F8 /* LEPage3.swift in Sources */ = {isa = PBXBuildFile; fileRef = BFF508C229F3529000B266F8 /* LEPage3.swift */; };
		BFF508C529F3568600B266F8 /* LEPage4.swift in Sources */ = {isa = PBXBuildFile; fileRef = BFF508C429F3568600B266F8 /* LEPage4.swift */; };
		BFF508C729F35BB400B266F8 /* LEPage5.swift in Sources */ = {isa = PBXBuildFile; fileRef = BFF508C629F35BB400B266F8 /* LEPage5.swift */; };
/* End PBXBuildFile section */

/* Begin PBXFileReference section */
		BF28209829C397680022760E /* UnixTerminalView.swift */ = {isa = PBXFileReference; lastKnownFileType = sourcecode.swift; path = UnixTerminalView.swift; sourceTree = "<group>"; };
		BF816F8329B3BB4C00F6CA26 /* RegistrationViewModel.swift */ = {isa = PBXFileReference; lastKnownFileType = sourcecode.swift; path = RegistrationViewModel.swift; sourceTree = "<group>"; };
		BF816F8729B3C26700F6CA26 /* SessionUserDetails.swift */ = {isa = PBXFileReference; lastKnownFileType = sourcecode.swift; path = SessionUserDetails.swift; sourceTree = "<group>"; };
		BF816F8A29B3C2E000F6CA26 /* SessionService.swift */ = {isa = PBXFileReference; lastKnownFileType = sourcecode.swift; path = SessionService.swift; sourceTree = "<group>"; };
		BF816F8E29B3DA2F00F6CA26 /* GoogleService-Info.plist */ = {isa = PBXFileReference; fileEncoding = 4; lastKnownFileType = text.plist.xml; path = "GoogleService-Info.plist"; sourceTree = "<group>"; };
		BF816F9129B3E14900F6CA26 /* LoginCredentials.swift */ = {isa = PBXFileReference; lastKnownFileType = sourcecode.swift; path = LoginCredentials.swift; sourceTree = "<group>"; };
		BF816F9429B3E1A000F6CA26 /* LoginService.swift */ = {isa = PBXFileReference; lastKnownFileType = sourcecode.swift; path = LoginService.swift; sourceTree = "<group>"; };
		BF816F9729B3E3B400F6CA26 /* LoginViewModel.swift */ = {isa = PBXFileReference; lastKnownFileType = sourcecode.swift; path = LoginViewModel.swift; sourceTree = "<group>"; };
		BF816F9A29B3E79C00F6CA26 /* ForgotPasswordService.swift */ = {isa = PBXFileReference; lastKnownFileType = sourcecode.swift; path = ForgotPasswordService.swift; sourceTree = "<group>"; };
		BF816F9D29B3ED0B00F6CA26 /* ForgotPasswordViewModel.swift */ = {isa = PBXFileReference; lastKnownFileType = sourcecode.swift; path = ForgotPasswordViewModel.swift; sourceTree = "<group>"; };
		BF8234B62A07F73E006C19D8 /* Page5.swift */ = {isa = PBXFileReference; lastKnownFileType = sourcecode.swift; path = Page5.swift; sourceTree = "<group>"; };
		BF8234B82A081A24006C19D8 /* NRPage4.swift */ = {isa = PBXFileReference; lastKnownFileType = sourcecode.swift; path = NRPage4.swift; sourceTree = "<group>"; };
		BF8234BA2A081C68006C19D8 /* PCPage4.swift */ = {isa = PBXFileReference; lastKnownFileType = sourcecode.swift; path = PCPage4.swift; sourceTree = "<group>"; };
		BF906A1A29B660A900B0E709 /* Info.plist */ = {isa = PBXFileReference; lastKnownFileType = text.plist; path = Info.plist; sourceTree = "<group>"; };
		BF906A1B29B6611C00B0E709 /* GoogleSignInViewModel.swift */ = {isa = PBXFileReference; lastKnownFileType = sourcecode.swift; path = GoogleSignInViewModel.swift; sourceTree = "<group>"; };
		BF98302329B8FF6C0028D6D1 /* LoginView.swift */ = {isa = PBXFileReference; lastKnownFileType = sourcecode.swift; path = LoginView.swift; sourceTree = "<group>"; };
		BF98302529B918C20028D6D1 /* RegisterView.swift */ = {isa = PBXFileReference; lastKnownFileType = sourcecode.swift; path = RegisterView.swift; sourceTree = "<group>"; };
		BF9D773929EF4C81007B8C25 /* HeadingTextView.swift */ = {isa = PBXFileReference; lastKnownFileType = sourcecode.swift; path = HeadingTextView.swift; sourceTree = "<group>"; };
		BF9D773B29EF4D18007B8C25 /* SubheadingView.swift */ = {isa = PBXFileReference; lastKnownFileType = sourcecode.swift; path = SubheadingView.swift; sourceTree = "<group>"; };
		BF9D773D29EF4D96007B8C25 /* Subheading2View.swift */ = {isa = PBXFileReference; lastKnownFileType = sourcecode.swift; path = Subheading2View.swift; sourceTree = "<group>"; };
		BF9D773F29EF5179007B8C25 /* SQLTextView.swift */ = {isa = PBXFileReference; lastKnownFileType = sourcecode.swift; path = SQLTextView.swift; sourceTree = "<group>"; };
		BF9D774129EF5D01007B8C25 /* Page2.swift */ = {isa = PBXFileReference; lastKnownFileType = sourcecode.swift; path = Page2.swift; sourceTree = "<group>"; };
		BFA175C129BFC39600B5EDB1 /* ModelData.swift */ = {isa = PBXFileReference; lastKnownFileType = sourcecode.swift; path = ModelData.swift; sourceTree = "<group>"; };
		BFA175C329BFC3C000B5EDB1 /* Module.swift */ = {isa = PBXFileReference; lastKnownFileType = sourcecode.swift; path = Module.swift; sourceTree = "<group>"; };
		BFA175C629BFC47500B5EDB1 /* moduleData.json */ = {isa = PBXFileReference; lastKnownFileType = text.json; path = moduleData.json; sourceTree = "<group>"; };
		BFA175C829BFC7E200B5EDB1 /* CircleImage.swift */ = {isa = PBXFileReference; lastKnownFileType = sourcecode.swift; path = CircleImage.swift; sourceTree = "<group>"; };
		BFA175CA29BFCAAD00B5EDB1 /* ModuleCard.swift */ = {isa = PBXFileReference; lastKnownFileType = sourcecode.swift; path = ModuleCard.swift; sourceTree = "<group>"; };
		BFA175D029BFE0F100B5EDB1 /* ProfileSummary.swift */ = {isa = PBXFileReference; lastKnownFileType = sourcecode.swift; path = ProfileSummary.swift; sourceTree = "<group>"; };
		BFA4880429F0283300F4EA37 /* Page4.swift */ = {isa = PBXFileReference; lastKnownFileType = sourcecode.swift; path = Page4.swift; sourceTree = "<group>"; };
		BFA4880629F02A6E00F4EA37 /* PHPTextView.swift */ = {isa = PBXFileReference; lastKnownFileType = sourcecode.swift; path = PHPTextView.swift; sourceTree = "<group>"; };
		BFA4880829F05FDF00F4EA37 /* NRPage1.swift */ = {isa = PBXFileReference; lastKnownFileType = sourcecode.swift; path = NRPage1.swift; sourceTree = "<group>"; };
		BFA4880A29F0670500F4EA37 /* NRPage2.swift */ = {isa = PBXFileReference; lastKnownFileType = sourcecode.swift; path = NRPage2.swift; sourceTree = "<group>"; };
		BFA4880C29F0683600F4EA37 /* networkReconData.json */ = {isa = PBXFileReference; lastKnownFileType = text.json; path = networkReconData.json; sourceTree = "<group>"; };
		BFA4880E29F0687600F4EA37 /* NetworkReconData.swift */ = {isa = PBXFileReference; lastKnownFileType = sourcecode.swift; path = NetworkReconData.swift; sourceTree = "<group>"; };
		BFA4881029F06DE400F4EA37 /* NmapCommandsView.swift */ = {isa = PBXFileReference; lastKnownFileType = sourcecode.swift; path = NmapCommandsView.swift; sourceTree = "<group>"; };
		BFA9A70729F1801800DC0229 /* NRPage3.swift */ = {isa = PBXFileReference; lastKnownFileType = sourcecode.swift; path = NRPage3.swift; sourceTree = "<group>"; };
		BFA9A70929F1AB0400DC0229 /* passwordCrackingData.json */ = {isa = PBXFileReference; lastKnownFileType = text.json; path = passwordCrackingData.json; sourceTree = "<group>"; };
		BFA9A70B29F1AB3100DC0229 /* PasswordCrackingData.swift */ = {isa = PBXFileReference; lastKnownFileType = sourcecode.swift; path = PasswordCrackingData.swift; sourceTree = "<group>"; };
		BFA9A70D29F1AC6B00DC0229 /* PCPage1.swift */ = {isa = PBXFileReference; lastKnownFileType = sourcecode.swift; path = PCPage1.swift; sourceTree = "<group>"; };
		BFA9A70F29F1B27700DC0229 /* PCPage2.swift */ = {isa = PBXFileReference; lastKnownFileType = sourcecode.swift; path = PCPage2.swift; sourceTree = "<group>"; };
		BFA9A71129F1F6B100DC0229 /* PCPage3.swift */ = {isa = PBXFileReference; lastKnownFileType = sourcecode.swift; path = PCPage3.swift; sourceTree = "<group>"; };
		BFB1F88A29EFF9E9005AF7E8 /* LoginPortalView.swift */ = {isa = PBXFileReference; lastKnownFileType = sourcecode.swift; path = LoginPortalView.swift; sourceTree = "<group>"; };
		BFB1F88C29EFFDED005AF7E8 /* LoginSuccessfulView.swift */ = {isa = PBXFileReference; lastKnownFileType = sourcecode.swift; path = LoginSuccessfulView.swift; sourceTree = "<group>"; };
		BFB1F88E29F005F5005AF7E8 /* Page3.swift */ = {isa = PBXFileReference; lastKnownFileType = sourcecode.swift; path = Page3.swift; sourceTree = "<group>"; };
		BFB6A1F429B2739700FF84F5 /* InputTextFieldView.swift */ = {isa = PBXFileReference; lastKnownFileType = sourcecode.swift; path = InputTextFieldView.swift; sourceTree = "<group>"; };
		BFB6A1F729B276A500FF84F5 /* PreviewLayoutComponentModifier.swift */ = {isa = PBXFileReference; lastKnownFileType = sourcecode.swift; path = PreviewLayoutComponentModifier.swift; sourceTree = "<group>"; };
		BFB6A1F929B277BB00FF84F5 /* InputPasswordView.swift */ = {isa = PBXFileReference; lastKnownFileType = sourcecode.swift; path = InputPasswordView.swift; sourceTree = "<group>"; };
		BFB6A1FB29B27A4800FF84F5 /* ButtonView.swift */ = {isa = PBXFileReference; lastKnownFileType = sourcecode.swift; path = ButtonView.swift; sourceTree = "<group>"; };
		BFB6A1FE29B2812F00FF84F5 /* CloseModifier.swift */ = {isa = PBXFileReference; lastKnownFileType = sourcecode.swift; path = CloseModifier.swift; sourceTree = "<group>"; };
		BFB6A20229B285F100FF84F5 /* HomeView.swift */ = {isa = PBXFileReference; lastKnownFileType = sourcecode.swift; path = HomeView.swift; sourceTree = "<group>"; };
		BFB6A20429B286F500FF84F5 /* ForgotPasswordView.swift */ = {isa = PBXFileReference; lastKnownFileType = sourcecode.swift; path = ForgotPasswordView.swift; sourceTree = "<group>"; };
		BFB6A20729B28EA700FF84F5 /* RegistrationDetails.swift */ = {isa = PBXFileReference; lastKnownFileType = sourcecode.swift; path = RegistrationDetails.swift; sourceTree = "<group>"; };
		BFB6A20A29B28F1400FF84F5 /* RegistrationService.swift */ = {isa = PBXFileReference; lastKnownFileType = sourcecode.swift; path = RegistrationService.swift; sourceTree = "<group>"; };
		BFD5949A29C0A09A00C7820F /* SQLInjectionView.swift */ = {isa = PBXFileReference; lastKnownFileType = sourcecode.swift; path = SQLInjectionView.swift; sourceTree = "<group>"; };
		BFD5949D29C0A1AB00C7820F /* NetworkReconView.swift */ = {isa = PBXFileReference; lastKnownFileType = sourcecode.swift; path = NetworkReconView.swift; sourceTree = "<group>"; };
		BFD5949F29C0A2C000C7820F /* ModuleViewHandler.swift */ = {isa = PBXFileReference; lastKnownFileType = sourcecode.swift; path = ModuleViewHandler.swift; sourceTree = "<group>"; };
		BFD594A229C0A3DE00C7820F /* XSSView.swift */ = {isa = PBXFileReference; lastKnownFileType = sourcecode.swift; path = XSSView.swift; sourceTree = "<group>"; };
		BFD594A529C0A40300C7820F /* PasswordCrackingView.swift */ = {isa = PBXFileReference; lastKnownFileType = sourcecode.swift; path = PasswordCrackingView.swift; sourceTree = "<group>"; };
		BFD594A829C0A42800C7820F /* OSINTView.swift */ = {isa = PBXFileReference; lastKnownFileType = sourcecode.swift; path = OSINTView.swift; sourceTree = "<group>"; };
		BFD594AB29C0A45C00C7820F /* LegalAndEthicsView.swift */ = {isa = PBXFileReference; lastKnownFileType = sourcecode.swift; path = LegalAndEthicsView.swift; sourceTree = "<group>"; };
		BFD594AD29C0AA4300C7820F /* SQLInjectionData.json */ = {isa = PBXFileReference; lastKnownFileType = text.json; path = SQLInjectionData.json; sourceTree = "<group>"; };
		BFD594B129C0AC1B00C7820F /* SQLInjectionData.swift */ = {isa = PBXFileReference; lastKnownFileType = sourcecode.swift; path = SQLInjectionData.swift; sourceTree = "<group>"; };
		BFD594B329C0AFA600C7820F /* Page1.swift */ = {isa = PBXFileReference; lastKnownFileType = sourcecode.swift; path = Page1.swift; sourceTree = "<group>"; };
		BFE0A59F29AFF9E900D47803 /* DissertationProject2023.app */ = {isa = PBXFileReference; explicitFileType = wrapper.application; includeInIndex = 0; path = DissertationProject2023.app; sourceTree = BUILT_PRODUCTS_DIR; };
		BFE0A5A229AFF9E900D47803 /* DissertationProject2023App.swift */ = {isa = PBXFileReference; lastKnownFileType = sourcecode.swift; path = DissertationProject2023App.swift; sourceTree = "<group>"; };
		BFE0A5A429AFF9E900D47803 /* ContentView.swift */ = {isa = PBXFileReference; lastKnownFileType = sourcecode.swift; path = ContentView.swift; sourceTree = "<group>"; };
		BFE0A5A629AFF9EA00D47803 /* Assets.xcassets */ = {isa = PBXFileReference; lastKnownFileType = folder.assetcatalog; path = Assets.xcassets; sourceTree = "<group>"; };
		BFE0A5A929AFF9EA00D47803 /* Preview Assets.xcassets */ = {isa = PBXFileReference; lastKnownFileType = folder.assetcatalog; path = "Preview Assets.xcassets"; sourceTree = "<group>"; };
		BFF508B829F2EAE300B266F8 /* LEPage1.swift */ = {isa = PBXFileReference; lastKnownFileType = sourcecode.swift; path = LEPage1.swift; sourceTree = "<group>"; };
		BFF508BC29F2EB2300B266F8 /* legalAndEthicsData.json */ = {isa = PBXFileReference; lastKnownFileType = text.json; path = legalAndEthicsData.json; sourceTree = "<group>"; };
		BFF508BE29F2EB8A00B266F8 /* LegalAndEthicsData.swift */ = {isa = PBXFileReference; lastKnownFileType = sourcecode.swift; path = LegalAndEthicsData.swift; sourceTree = "<group>"; };
		BFF508C029F2F68C00B266F8 /* LEPage2.swift */ = {isa = PBXFileReference; lastKnownFileType = sourcecode.swift; path = LEPage2.swift; sourceTree = "<group>"; };
		BFF508C229F3529000B266F8 /* LEPage3.swift */ = {isa = PBXFileReference; lastKnownFileType = sourcecode.swift; path = LEPage3.swift; sourceTree = "<group>"; };
		BFF508C429F3568600B266F8 /* LEPage4.swift */ = {isa = PBXFileReference; lastKnownFileType = sourcecode.swift; path = LEPage4.swift; sourceTree = "<group>"; };
		BFF508C629F35BB400B266F8 /* LEPage5.swift */ = {isa = PBXFileReference; lastKnownFileType = sourcecode.swift; path = LEPage5.swift; sourceTree = "<group>"; };
/* End PBXFileReference section */

/* Begin PBXFrameworksBuildPhase section */
		BFE0A59C29AFF9E900D47803 /* Frameworks */ = {
			isa = PBXFrameworksBuildPhase;
			buildActionMask = 2147483647;
			files = (
				BF906A1729B65F8500B0E709 /* GoogleSignIn in Frameworks */,
				BFB6A21029B2910700FF84F5 /* FirebaseDatabase in Frameworks */,
				BFB6A21429B2910700FF84F5 /* FirebaseStorage in Frameworks */,
				BF906A1929B65F8500B0E709 /* GoogleSignInSwift in Frameworks */,
				BFB6A20E29B2910700FF84F5 /* FirebaseAuth in Frameworks */,
				BFB6A21229B2910700FF84F5 /* FirebaseFirestore in Frameworks */,
			);
			runOnlyForDeploymentPostprocessing = 0;
		};
/* End PBXFrameworksBuildPhase section */

/* Begin PBXGroup section */
		BF28209629C397410022760E /* UnixTerminal */ = {
			isa = PBXGroup;
			children = (
				BF28209729C397580022760E /* View */,
			);
			path = UnixTerminal;
			sourceTree = "<group>";
		};
		BF28209729C397580022760E /* View */ = {
			isa = PBXGroup;
			children = (
				BF28209829C397680022760E /* UnixTerminalView.swift */,
			);
			path = View;
			sourceTree = "<group>";
		};
		BF63D1D529B10C73004EDB65 /* ForgotPassword */ = {
			isa = PBXGroup;
			children = (
				BF816F9C29B3ECF200F6CA26 /* ForgotPasswordViewModel */,
				BF816F9929B3E78600F6CA26 /* ForgotPasswordService */,
				BFB6A1FD29B27CF800FF84F5 /* View */,
			);
			path = ForgotPassword;
			sourceTree = "<group>";
		};
		BF816F8229B3BB2300F6CA26 /* RegistrationViewModel */ = {
			isa = PBXGroup;
			children = (
				BF816F8329B3BB4C00F6CA26 /* RegistrationViewModel.swift */,
			);
			path = RegistrationViewModel;
			sourceTree = "<group>";
		};
		BF816F8529B3C20B00F6CA26 /* Session */ = {
			isa = PBXGroup;
			children = (
				BF816F8929B3C2CB00F6CA26 /* Service */,
				BF816F8629B3C24200F6CA26 /* Model */,
			);
			path = Session;
			sourceTree = "<group>";
		};
		BF816F8629B3C24200F6CA26 /* Model */ = {
			isa = PBXGroup;
			children = (
				BF816F8729B3C26700F6CA26 /* SessionUserDetails.swift */,
			);
			path = Model;
			sourceTree = "<group>";
		};
		BF816F8929B3C2CB00F6CA26 /* Service */ = {
			isa = PBXGroup;
			children = (
				BF816F8A29B3C2E000F6CA26 /* SessionService.swift */,
			);
			path = Service;
			sourceTree = "<group>";
		};
		BF816F9029B3E12900F6CA26 /* LoginModel */ = {
			isa = PBXGroup;
			children = (
				BF816F9129B3E14900F6CA26 /* LoginCredentials.swift */,
			);
			path = LoginModel;
			sourceTree = "<group>";
		};
		BF816F9329B3E18800F6CA26 /* LoginService */ = {
			isa = PBXGroup;
			children = (
				BF816F9429B3E1A000F6CA26 /* LoginService.swift */,
			);
			path = LoginService;
			sourceTree = "<group>";
		};
		BF816F9629B3E39D00F6CA26 /* LoginViewModel */ = {
			isa = PBXGroup;
			children = (
				BF816F9729B3E3B400F6CA26 /* LoginViewModel.swift */,
			);
			path = LoginViewModel;
			sourceTree = "<group>";
		};
		BF816F9929B3E78600F6CA26 /* ForgotPasswordService */ = {
			isa = PBXGroup;
			children = (
				BF816F9A29B3E79C00F6CA26 /* ForgotPasswordService.swift */,
			);
			path = ForgotPasswordService;
			sourceTree = "<group>";
		};
		BF816F9C29B3ECF200F6CA26 /* ForgotPasswordViewModel */ = {
			isa = PBXGroup;
			children = (
				BF816F9D29B3ED0B00F6CA26 /* ForgotPasswordViewModel.swift */,
			);
			path = ForgotPasswordViewModel;
			sourceTree = "<group>";
		};
		BF8234B52A07F6F0006C19D8 /* Pages */ = {
			isa = PBXGroup;
			children = (
				BFD594B329C0AFA600C7820F /* Page1.swift */,
				BF9D774129EF5D01007B8C25 /* Page2.swift */,
				BFB1F88E29F005F5005AF7E8 /* Page3.swift */,
				BFA4880429F0283300F4EA37 /* Page4.swift */,
				BF8234B62A07F73E006C19D8 /* Page5.swift */,
			);
			path = Pages;
			sourceTree = "<group>";
		};
		BF906A1D29B683B100B0E709 /* GoogleSignInViewModel */ = {
			isa = PBXGroup;
			children = (
				BF906A1B29B6611C00B0E709 /* GoogleSignInViewModel.swift */,
			);
			path = GoogleSignInViewModel;
			sourceTree = "<group>";
		};
		BF98302729B936260028D6D1 /* Login */ = {
			isa = PBXGroup;
			children = (
				BF98302829B936510028D6D1 /* View */,
				BF816F9029B3E12900F6CA26 /* LoginModel */,
				BF816F9329B3E18800F6CA26 /* LoginService */,
				BF816F9629B3E39D00F6CA26 /* LoginViewModel */,
			);
			path = Login;
			sourceTree = "<group>";
		};
		BF98302829B936510028D6D1 /* View */ = {
			isa = PBXGroup;
			children = (
				BF98302329B8FF6C0028D6D1 /* LoginView.swift */,
			);
			path = View;
			sourceTree = "<group>";
		};
		BF98302929B9366F0028D6D1 /* Register */ = {
			isa = PBXGroup;
			children = (
				BF98302A29B9368D0028D6D1 /* View */,
				BF816F8229B3BB2300F6CA26 /* RegistrationViewModel */,
				BFB6A20929B28F0100FF84F5 /* RegistrationService */,
				BFB6A20629B28E6300FF84F5 /* RegisterModel */,
			);
			path = Register;
			sourceTree = "<group>";
		};
		BF98302A29B9368D0028D6D1 /* View */ = {
			isa = PBXGroup;
			children = (
				BF98302529B918C20028D6D1 /* RegisterView.swift */,
			);
			path = View;
			sourceTree = "<group>";
		};
		BFA175C029BFC31A00B5EDB1 /* Model */ = {
			isa = PBXGroup;
			children = (
				BFA175C129BFC39600B5EDB1 /* ModelData.swift */,
				BFA175C329BFC3C000B5EDB1 /* Module.swift */,
				BFD594B129C0AC1B00C7820F /* SQLInjectionData.swift */,
				BFA4880E29F0687600F4EA37 /* NetworkReconData.swift */,
				BFA9A70B29F1AB3100DC0229 /* PasswordCrackingData.swift */,
				BFF508BE29F2EB8A00B266F8 /* LegalAndEthicsData.swift */,
			);
			path = Model;
			sourceTree = "<group>";
		};
		BFA175C529BFC3FF00B5EDB1 /* Resources */ = {
			isa = PBXGroup;
			children = (
				BFA175C629BFC47500B5EDB1 /* moduleData.json */,
				BFD594AD29C0AA4300C7820F /* SQLInjectionData.json */,
				BFA4880C29F0683600F4EA37 /* networkReconData.json */,
				BFA9A70929F1AB0400DC0229 /* passwordCrackingData.json */,
				BFF508BC29F2EB2300B266F8 /* legalAndEthicsData.json */,
			);
			path = Resources;
			sourceTree = "<group>";
		};
		BFA175CE29BFE0CA00B5EDB1 /* Profile */ = {
			isa = PBXGroup;
			children = (
				BFA175CF29BFE0D200B5EDB1 /* View */,
			);
			path = Profile;
			sourceTree = "<group>";
		};
		BFA175CF29BFE0D200B5EDB1 /* View */ = {
			isa = PBXGroup;
			children = (
				BFA175D029BFE0F100B5EDB1 /* ProfileSummary.swift */,
			);
			path = View;
			sourceTree = "<group>";
		};
		BFB6A1F229B2735F00FF84F5 /* Base */ = {
			isa = PBXGroup;
			children = (
				BFB6A1F629B2766C00FF84F5 /* Modifier */,
				BFB6A1F329B2737A00FF84F5 /* Views */,
			);
			path = Base;
			sourceTree = "<group>";
		};
		BFB6A1F329B2737A00FF84F5 /* Views */ = {
			isa = PBXGroup;
			children = (
				BFB6A1F429B2739700FF84F5 /* InputTextFieldView.swift */,
				BFB6A1F929B277BB00FF84F5 /* InputPasswordView.swift */,
				BFB6A1FB29B27A4800FF84F5 /* ButtonView.swift */,
				BFA175C829BFC7E200B5EDB1 /* CircleImage.swift */,
				BF9D773929EF4C81007B8C25 /* HeadingTextView.swift */,
				BF9D773B29EF4D18007B8C25 /* SubheadingView.swift */,
				BF9D773D29EF4D96007B8C25 /* Subheading2View.swift */,
			);
			path = Views;
			sourceTree = "<group>";
		};
		BFB6A1F629B2766C00FF84F5 /* Modifier */ = {
			isa = PBXGroup;
			children = (
				BFB6A1F729B276A500FF84F5 /* PreviewLayoutComponentModifier.swift */,
				BFB6A1FE29B2812F00FF84F5 /* CloseModifier.swift */,
			);
			path = Modifier;
			sourceTree = "<group>";
		};
		BFB6A1FD29B27CF800FF84F5 /* View */ = {
			isa = PBXGroup;
			children = (
				BFB6A20429B286F500FF84F5 /* ForgotPasswordView.swift */,
			);
			path = View;
			sourceTree = "<group>";
		};
		BFB6A20029B2855A00FF84F5 /* Home */ = {
			isa = PBXGroup;
			children = (
				BFA175CE29BFE0CA00B5EDB1 /* Profile */,
				BFB6A20129B285D800FF84F5 /* View */,
			);
			path = Home;
			sourceTree = "<group>";
		};
		BFB6A20129B285D800FF84F5 /* View */ = {
			isa = PBXGroup;
			children = (
				BFB6A20229B285F100FF84F5 /* HomeView.swift */,
				BFA175CA29BFCAAD00B5EDB1 /* ModuleCard.swift */,
			);
			path = View;
			sourceTree = "<group>";
		};
		BFB6A20629B28E6300FF84F5 /* RegisterModel */ = {
			isa = PBXGroup;
			children = (
				BFB6A20729B28EA700FF84F5 /* RegistrationDetails.swift */,
			);
			path = RegisterModel;
			sourceTree = "<group>";
		};
		BFB6A20929B28F0100FF84F5 /* RegistrationService */ = {
			isa = PBXGroup;
			children = (
				BFB6A20A29B28F1400FF84F5 /* RegistrationService.swift */,
			);
			path = RegistrationService;
			sourceTree = "<group>";
		};
		BFD5949829C0A05800C7820F /* Modules */ = {
			isa = PBXGroup;
			children = (
				BFD594AA29C0A44900C7820F /* LegalAndEthics */,
				BFD594A729C0A41C00C7820F /* OSINT */,
				BFD594A429C0A3F300C7820F /* PasswordCracking */,
				BFD594A129C0A3D000C7820F /* XSS */,
				BFD5949C29C0A19900C7820F /* NetworkRecon */,
				BFD5949929C0A06600C7820F /* SQLInjection */,
				BFD5949F29C0A2C000C7820F /* ModuleViewHandler.swift */,
			);
			path = Modules;
			sourceTree = "<group>";
		};
		BFD5949929C0A06600C7820F /* SQLInjection */ = {
			isa = PBXGroup;
			children = (
				BF8234B52A07F6F0006C19D8 /* Pages */,
				BFD5949A29C0A09A00C7820F /* SQLInjectionView.swift */,
				BF9D773F29EF5179007B8C25 /* SQLTextView.swift */,
				BFB1F88A29EFF9E9005AF7E8 /* LoginPortalView.swift */,
				BFB1F88C29EFFDED005AF7E8 /* LoginSuccessfulView.swift */,
				BFA4880629F02A6E00F4EA37 /* PHPTextView.swift */,
			);
			path = SQLInjection;
			sourceTree = "<group>";
		};
		BFD5949C29C0A19900C7820F /* NetworkRecon */ = {
			isa = PBXGroup;
			children = (
				BFD5949D29C0A1AB00C7820F /* NetworkReconView.swift */,
				BFA4880829F05FDF00F4EA37 /* NRPage1.swift */,
				BFA4880A29F0670500F4EA37 /* NRPage2.swift */,
				BFA4881029F06DE400F4EA37 /* NmapCommandsView.swift */,
				BFA9A70729F1801800DC0229 /* NRPage3.swift */,
				BF8234B82A081A24006C19D8 /* NRPage4.swift */,
			);
			path = NetworkRecon;
			sourceTree = "<group>";
		};
		BFD594A129C0A3D000C7820F /* XSS */ = {
			isa = PBXGroup;
			children = (
				BFD594A229C0A3DE00C7820F /* XSSView.swift */,
			);
			path = XSS;
			sourceTree = "<group>";
		};
		BFD594A429C0A3F300C7820F /* PasswordCracking */ = {
			isa = PBXGroup;
			children = (
				BFD594A529C0A40300C7820F /* PasswordCrackingView.swift */,
				BFA9A70D29F1AC6B00DC0229 /* PCPage1.swift */,
				BFA9A70F29F1B27700DC0229 /* PCPage2.swift */,
				BFA9A71129F1F6B100DC0229 /* PCPage3.swift */,
				BF8234BA2A081C68006C19D8 /* PCPage4.swift */,
			);
			path = PasswordCracking;
			sourceTree = "<group>";
		};
		BFD594A729C0A41C00C7820F /* OSINT */ = {
			isa = PBXGroup;
			children = (
				BFD594A829C0A42800C7820F /* OSINTView.swift */,
			);
			path = OSINT;
			sourceTree = "<group>";
		};
		BFD594AA29C0A44900C7820F /* LegalAndEthics */ = {
			isa = PBXGroup;
			children = (
				BFD594AB29C0A45C00C7820F /* LegalAndEthicsView.swift */,
				BFF508B829F2EAE300B266F8 /* LEPage1.swift */,
				BFF508C029F2F68C00B266F8 /* LEPage2.swift */,
				BFF508C229F3529000B266F8 /* LEPage3.swift */,
				BFF508C429F3568600B266F8 /* LEPage4.swift */,
				BFF508C629F35BB400B266F8 /* LEPage5.swift */,
			);
			path = LegalAndEthics;
			sourceTree = "<group>";
		};
		BFE0A59629AFF9E800D47803 = {
			isa = PBXGroup;
			children = (
				BFE0A5A129AFF9E900D47803 /* DissertationProject2023 */,
				BFE0A5A029AFF9E900D47803 /* Products */,
			);
			sourceTree = "<group>";
		};
		BFE0A5A029AFF9E900D47803 /* Products */ = {
			isa = PBXGroup;
			children = (
				BFE0A59F29AFF9E900D47803 /* DissertationProject2023.app */,
			);
			name = Products;
			sourceTree = "<group>";
		};
		BFE0A5A129AFF9E900D47803 /* DissertationProject2023 */ = {
			isa = PBXGroup;
			children = (
				BF906A1A29B660A900B0E709 /* Info.plist */,
				BFE0A5A229AFF9E900D47803 /* DissertationProject2023App.swift */,
				BFB6A1F229B2735F00FF84F5 /* Base */,
				BF28209629C397410022760E /* UnixTerminal */,
				BF98302929B9366F0028D6D1 /* Register */,
				BF98302729B936260028D6D1 /* Login */,
				BF906A1D29B683B100B0E709 /* GoogleSignInViewModel */,
				BF63D1D529B10C73004EDB65 /* ForgotPassword */,
				BF816F8529B3C20B00F6CA26 /* Session */,
				BFB6A20029B2855A00FF84F5 /* Home */,
				BFA175C529BFC3FF00B5EDB1 /* Resources */,
				BFD5949829C0A05800C7820F /* Modules */,
				BFA175C029BFC31A00B5EDB1 /* Model */,
				BFE0A5A429AFF9E900D47803 /* ContentView.swift */,
				BFE0A5A629AFF9EA00D47803 /* Assets.xcassets */,
				BF816F8E29B3DA2F00F6CA26 /* GoogleService-Info.plist */,
				BFE0A5A829AFF9EA00D47803 /* Preview Content */,
			);
			path = DissertationProject2023;
			sourceTree = "<group>";
		};
		BFE0A5A829AFF9EA00D47803 /* Preview Content */ = {
			isa = PBXGroup;
			children = (
				BFE0A5A929AFF9EA00D47803 /* Preview Assets.xcassets */,
			);
			path = "Preview Content";
			sourceTree = "<group>";
		};
/* End PBXGroup section */

/* Begin PBXNativeTarget section */
		BFE0A59E29AFF9E900D47803 /* DissertationProject2023 */ = {
			isa = PBXNativeTarget;
			buildConfigurationList = BFE0A5AD29AFF9EA00D47803 /* Build configuration list for PBXNativeTarget "DissertationProject2023" */;
			buildPhases = (
				BFE0A59B29AFF9E900D47803 /* Sources */,
				BFE0A59C29AFF9E900D47803 /* Frameworks */,
				BFE0A59D29AFF9E900D47803 /* Resources */,
			);
			buildRules = (
			);
			dependencies = (
			);
			name = DissertationProject2023;
			packageProductDependencies = (
				BFB6A20D29B2910700FF84F5 /* FirebaseAuth */,
				BFB6A20F29B2910700FF84F5 /* FirebaseDatabase */,
				BFB6A21129B2910700FF84F5 /* FirebaseFirestore */,
				BFB6A21329B2910700FF84F5 /* FirebaseStorage */,
				BF906A1629B65F8500B0E709 /* GoogleSignIn */,
				BF906A1829B65F8500B0E709 /* GoogleSignInSwift */,
			);
			productName = DissertationProject2023;
			productReference = BFE0A59F29AFF9E900D47803 /* DissertationProject2023.app */;
			productType = "com.apple.product-type.application";
		};
/* End PBXNativeTarget section */

/* Begin PBXProject section */
		BFE0A59729AFF9E800D47803 /* Project object */ = {
			isa = PBXProject;
			attributes = {
				BuildIndependentTargetsInParallel = 1;
				LastSwiftUpdateCheck = 1420;
				LastUpgradeCheck = 1420;
				TargetAttributes = {
					BFE0A59E29AFF9E900D47803 = {
						CreatedOnToolsVersion = 14.2;
					};
				};
			};
			buildConfigurationList = BFE0A59A29AFF9E800D47803 /* Build configuration list for PBXProject "DissertationProject2023" */;
			compatibilityVersion = "Xcode 14.0";
			developmentRegion = en;
			hasScannedForEncodings = 0;
			knownRegions = (
				en,
				Base,
			);
			mainGroup = BFE0A59629AFF9E800D47803;
			packageReferences = (
				BFB6A20C29B2910700FF84F5 /* XCRemoteSwiftPackageReference "firebase-ios-sdk" */,
				BF906A1529B65F8500B0E709 /* XCRemoteSwiftPackageReference "GoogleSignIn-iOS" */,
			);
			productRefGroup = BFE0A5A029AFF9E900D47803 /* Products */;
			projectDirPath = "";
			projectRoot = "";
			targets = (
				BFE0A59E29AFF9E900D47803 /* DissertationProject2023 */,
			);
		};
/* End PBXProject section */

/* Begin PBXResourcesBuildPhase section */
		BFE0A59D29AFF9E900D47803 /* Resources */ = {
			isa = PBXResourcesBuildPhase;
			buildActionMask = 2147483647;
			files = (
				BFA4880D29F0683600F4EA37 /* networkReconData.json in Resources */,
				BFF508BD29F2EB2300B266F8 /* legalAndEthicsData.json in Resources */,
				BFA9A70A29F1AB0400DC0229 /* passwordCrackingData.json in Resources */,
				BFE0A5AA29AFF9EA00D47803 /* Preview Assets.xcassets in Resources */,
				BFD594AE29C0AA4300C7820F /* SQLInjectionData.json in Resources */,
				BF816F8F29B3DA2F00F6CA26 /* GoogleService-Info.plist in Resources */,
				BFE0A5A729AFF9EA00D47803 /* Assets.xcassets in Resources */,
				BFA175C729BFC47500B5EDB1 /* moduleData.json in Resources */,
			);
			runOnlyForDeploymentPostprocessing = 0;
		};
/* End PBXResourcesBuildPhase section */

/* Begin PBXSourcesBuildPhase section */
		BFE0A59B29AFF9E900D47803 /* Sources */ = {
			isa = PBXSourcesBuildPhase;
			buildActionMask = 2147483647;
			files = (
				BFE0A5A529AFF9E900D47803 /* ContentView.swift in Sources */,
				BFB6A20B29B28F1400FF84F5 /* RegistrationService.swift in Sources */,
				BF28209929C397680022760E /* UnixTerminalView.swift in Sources */,
				BFA175D129BFE0F100B5EDB1 /* ProfileSummary.swift in Sources */,
				BFF508B929F2EAE300B266F8 /* LEPage1.swift in Sources */,
				BFD5949B29C0A09A00C7820F /* SQLInjectionView.swift in Sources */,
				BFB1F88F29F005F5005AF7E8 /* Page3.swift in Sources */,
				BF9D774229EF5D01007B8C25 /* Page2.swift in Sources */,
				BFB6A1F829B276A500FF84F5 /* PreviewLayoutComponentModifier.swift in Sources */,
				BFD594A629C0A40300C7820F /* PasswordCrackingView.swift in Sources */,
				BFF508C529F3568600B266F8 /* LEPage4.swift in Sources */,
				BFD594A329C0A3DE00C7820F /* XSSView.swift in Sources */,
				BFA4880B29F0670500F4EA37 /* NRPage2.swift in Sources */,
				BFD594A029C0A2C000C7820F /* ModuleViewHandler.swift in Sources */,
				BFE0A5A329AFF9E900D47803 /* DissertationProject2023App.swift in Sources */,
				BFF508C129F2F68C00B266F8 /* LEPage2.swift in Sources */,
				BF9D773C29EF4D18007B8C25 /* SubheadingView.swift in Sources */,
				BFD5949E29C0A1AB00C7820F /* NetworkReconView.swift in Sources */,
				BFA175C229BFC39600B5EDB1 /* ModelData.swift in Sources */,
				BFA175C429BFC3C000B5EDB1 /* Module.swift in Sources */,
				BFA9A70C29F1AB3100DC0229 /* PasswordCrackingData.swift in Sources */,
				BF816F9229B3E14900F6CA26 /* LoginCredentials.swift in Sources */,
				BFA175CB29BFCAAD00B5EDB1 /* ModuleCard.swift in Sources */,
				BF906A1C29B6611C00B0E709 /* GoogleSignInViewModel.swift in Sources */,
				BF9D773A29EF4C81007B8C25 /* HeadingTextView.swift in Sources */,
				BFA4880929F05FDF00F4EA37 /* NRPage1.swift in Sources */,
				BF816F9529B3E1A000F6CA26 /* LoginService.swift in Sources */,
				BFA9A71029F1B27700DC0229 /* PCPage2.swift in Sources */,
				BF9D774029EF5179007B8C25 /* SQLTextView.swift in Sources */,
				BFA9A70829F1801800DC0229 /* NRPage3.swift in Sources */,
				BF816F8B29B3C2E000F6CA26 /* SessionService.swift in Sources */,
				BFB6A20829B28EA700FF84F5 /* RegistrationDetails.swift in Sources */,
				BFB6A1FF29B2812F00FF84F5 /* CloseModifier.swift in Sources */,
				BFA9A70E29F1AC6B00DC0229 /* PCPage1.swift in Sources */,
				BF816F9B29B3E79C00F6CA26 /* ForgotPasswordService.swift in Sources */,
				BFA4880F29F0687600F4EA37 /* NetworkReconData.swift in Sources */,
				BFD594B429C0AFA600C7820F /* Page1.swift in Sources */,
				BFF508BF29F2EB8A00B266F8 /* LegalAndEthicsData.swift in Sources */,
				BF98302429B8FF6C0028D6D1 /* LoginView.swift in Sources */,
				BFA9A71229F1F6B100DC0229 /* PCPage3.swift in Sources */,
				BFB6A1FA29B277BB00FF84F5 /* InputPasswordView.swift in Sources */,
				BF98302629B918C20028D6D1 /* RegisterView.swift in Sources */,
				BFD594B229C0AC1B00C7820F /* SQLInjectionData.swift in Sources */,
				BF816F8829B3C26700F6CA26 /* SessionUserDetails.swift in Sources */,
				BFD594AC29C0A45C00C7820F /* LegalAndEthicsView.swift in Sources */,
				BFB1F88D29EFFDED005AF7E8 /* LoginSuccessfulView.swift in Sources */,
				BF8234B72A07F73E006C19D8 /* Page5.swift in Sources */,
				BFA4881129F06DE400F4EA37 /* NmapCommandsView.swift in Sources */,
				BFF508C729F35BB400B266F8 /* LEPage5.swift in Sources */,
				BFB6A1FC29B27A4800FF84F5 /* ButtonView.swift in Sources */,
				BFA4880529F0283300F4EA37 /* Page4.swift in Sources */,
				BF9D773E29EF4D96007B8C25 /* Subheading2View.swift in Sources */,
				BFF508C329F3529000B266F8 /* LEPage3.swift in Sources */,
				BFB6A20529B286F500FF84F5 /* ForgotPasswordView.swift in Sources */,
				BFB1F88B29EFF9E9005AF7E8 /* LoginPortalView.swift in Sources */,
				BFA4880729F02A6E00F4EA37 /* PHPTextView.swift in Sources */,
				BFB6A20329B285F100FF84F5 /* HomeView.swift in Sources */,
				BF8234B92A081A24006C19D8 /* NRPage4.swift in Sources */,
				BFD594A929C0A42800C7820F /* OSINTView.swift in Sources */,
				BF8234BB2A081C68006C19D8 /* PCPage4.swift in Sources */,
				BF816F8429B3BB4C00F6CA26 /* RegistrationViewModel.swift in Sources */,
				BF816F9E29B3ED0B00F6CA26 /* ForgotPasswordViewModel.swift in Sources */,
				BFB6A1F529B2739700FF84F5 /* InputTextFieldView.swift in Sources */,
				BF816F9829B3E3B400F6CA26 /* LoginViewModel.swift in Sources */,
				BFA175C929BFC7E200B5EDB1 /* CircleImage.swift in Sources */,
			);
			runOnlyForDeploymentPostprocessing = 0;
		};
/* End PBXSourcesBuildPhase section */

/* Begin XCBuildConfiguration section */
		BFE0A5AB29AFF9EA00D47803 /* Debug */ = {
			isa = XCBuildConfiguration;
			buildSettings = {
				ALWAYS_SEARCH_USER_PATHS = NO;
				CLANG_ANALYZER_NONNULL = YES;
				CLANG_ANALYZER_NUMBER_OBJECT_CONVERSION = YES_AGGRESSIVE;
				CLANG_CXX_LANGUAGE_STANDARD = "gnu++20";
				CLANG_ENABLE_MODULES = YES;
				CLANG_ENABLE_OBJC_ARC = YES;
				CLANG_ENABLE_OBJC_WEAK = YES;
				CLANG_WARN_BLOCK_CAPTURE_AUTORELEASING = YES;
				CLANG_WARN_BOOL_CONVERSION = YES;
				CLANG_WARN_COMMA = YES;
				CLANG_WARN_CONSTANT_CONVERSION = YES;
				CLANG_WARN_DEPRECATED_OBJC_IMPLEMENTATIONS = YES;
				CLANG_WARN_DIRECT_OBJC_ISA_USAGE = YES_ERROR;
				CLANG_WARN_DOCUMENTATION_COMMENTS = YES;
				CLANG_WARN_EMPTY_BODY = YES;
				CLANG_WARN_ENUM_CONVERSION = YES;
				CLANG_WARN_INFINITE_RECURSION = YES;
				CLANG_WARN_INT_CONVERSION = YES;
				CLANG_WARN_NON_LITERAL_NULL_CONVERSION = YES;
				CLANG_WARN_OBJC_IMPLICIT_RETAIN_SELF = YES;
				CLANG_WARN_OBJC_LITERAL_CONVERSION = YES;
				CLANG_WARN_OBJC_ROOT_CLASS = YES_ERROR;
				CLANG_WARN_QUOTED_INCLUDE_IN_FRAMEWORK_HEADER = YES;
				CLANG_WARN_RANGE_LOOP_ANALYSIS = YES;
				CLANG_WARN_STRICT_PROTOTYPES = YES;
				CLANG_WARN_SUSPICIOUS_MOVE = YES;
				CLANG_WARN_UNGUARDED_AVAILABILITY = YES_AGGRESSIVE;
				CLANG_WARN_UNREACHABLE_CODE = YES;
				CLANG_WARN__DUPLICATE_METHOD_MATCH = YES;
				COPY_PHASE_STRIP = NO;
				DEBUG_INFORMATION_FORMAT = dwarf;
				ENABLE_STRICT_OBJC_MSGSEND = YES;
				ENABLE_TESTABILITY = YES;
				GCC_C_LANGUAGE_STANDARD = gnu11;
				GCC_DYNAMIC_NO_PIC = NO;
				GCC_NO_COMMON_BLOCKS = YES;
				GCC_OPTIMIZATION_LEVEL = 0;
				GCC_PREPROCESSOR_DEFINITIONS = (
					"DEBUG=1",
					"$(inherited)",
				);
				GCC_WARN_64_TO_32_BIT_CONVERSION = YES;
				GCC_WARN_ABOUT_RETURN_TYPE = YES_ERROR;
				GCC_WARN_UNDECLARED_SELECTOR = YES;
				GCC_WARN_UNINITIALIZED_AUTOS = YES_AGGRESSIVE;
				GCC_WARN_UNUSED_FUNCTION = YES;
				GCC_WARN_UNUSED_VARIABLE = YES;
				IPHONEOS_DEPLOYMENT_TARGET = 16.2;
				MTL_ENABLE_DEBUG_INFO = INCLUDE_SOURCE;
				MTL_FAST_MATH = YES;
				ONLY_ACTIVE_ARCH = YES;
				SDKROOT = iphoneos;
				SWIFT_ACTIVE_COMPILATION_CONDITIONS = DEBUG;
				SWIFT_OPTIMIZATION_LEVEL = "-Onone";
			};
			name = Debug;
		};
		BFE0A5AC29AFF9EA00D47803 /* Release */ = {
			isa = XCBuildConfiguration;
			buildSettings = {
				ALWAYS_SEARCH_USER_PATHS = NO;
				CLANG_ANALYZER_NONNULL = YES;
				CLANG_ANALYZER_NUMBER_OBJECT_CONVERSION = YES_AGGRESSIVE;
				CLANG_CXX_LANGUAGE_STANDARD = "gnu++20";
				CLANG_ENABLE_MODULES = YES;
				CLANG_ENABLE_OBJC_ARC = YES;
				CLANG_ENABLE_OBJC_WEAK = YES;
				CLANG_WARN_BLOCK_CAPTURE_AUTORELEASING = YES;
				CLANG_WARN_BOOL_CONVERSION = YES;
				CLANG_WARN_COMMA = YES;
				CLANG_WARN_CONSTANT_CONVERSION = YES;
				CLANG_WARN_DEPRECATED_OBJC_IMPLEMENTATIONS = YES;
				CLANG_WARN_DIRECT_OBJC_ISA_USAGE = YES_ERROR;
				CLANG_WARN_DOCUMENTATION_COMMENTS = YES;
				CLANG_WARN_EMPTY_BODY = YES;
				CLANG_WARN_ENUM_CONVERSION = YES;
				CLANG_WARN_INFINITE_RECURSION = YES;
				CLANG_WARN_INT_CONVERSION = YES;
				CLANG_WARN_NON_LITERAL_NULL_CONVERSION = YES;
				CLANG_WARN_OBJC_IMPLICIT_RETAIN_SELF = YES;
				CLANG_WARN_OBJC_LITERAL_CONVERSION = YES;
				CLANG_WARN_OBJC_ROOT_CLASS = YES_ERROR;
				CLANG_WARN_QUOTED_INCLUDE_IN_FRAMEWORK_HEADER = YES;
				CLANG_WARN_RANGE_LOOP_ANALYSIS = YES;
				CLANG_WARN_STRICT_PROTOTYPES = YES;
				CLANG_WARN_SUSPICIOUS_MOVE = YES;
				CLANG_WARN_UNGUARDED_AVAILABILITY = YES_AGGRESSIVE;
				CLANG_WARN_UNREACHABLE_CODE = YES;
				CLANG_WARN__DUPLICATE_METHOD_MATCH = YES;
				COPY_PHASE_STRIP = NO;
				DEBUG_INFORMATION_FORMAT = "dwarf-with-dsym";
				ENABLE_NS_ASSERTIONS = NO;
				ENABLE_STRICT_OBJC_MSGSEND = YES;
				GCC_C_LANGUAGE_STANDARD = gnu11;
				GCC_NO_COMMON_BLOCKS = YES;
				GCC_WARN_64_TO_32_BIT_CONVERSION = YES;
				GCC_WARN_ABOUT_RETURN_TYPE = YES_ERROR;
				GCC_WARN_UNDECLARED_SELECTOR = YES;
				GCC_WARN_UNINITIALIZED_AUTOS = YES_AGGRESSIVE;
				GCC_WARN_UNUSED_FUNCTION = YES;
				GCC_WARN_UNUSED_VARIABLE = YES;
				IPHONEOS_DEPLOYMENT_TARGET = 16.2;
				MTL_ENABLE_DEBUG_INFO = NO;
				MTL_FAST_MATH = YES;
				SDKROOT = iphoneos;
				SWIFT_COMPILATION_MODE = wholemodule;
				SWIFT_OPTIMIZATION_LEVEL = "-O";
				VALIDATE_PRODUCT = YES;
			};
			name = Release;
		};
		BFE0A5AE29AFF9EA00D47803 /* Debug */ = {
			isa = XCBuildConfiguration;
			buildSettings = {
				ASSETCATALOG_COMPILER_APPICON_NAME = AppIcon;
				ASSETCATALOG_COMPILER_GLOBAL_ACCENT_COLOR_NAME = AccentColor;
				CODE_SIGN_STYLE = Automatic;
				CURRENT_PROJECT_VERSION = 1;
				DEVELOPMENT_ASSET_PATHS = "\"DissertationProject2023/Preview Content\"";
				DEVELOPMENT_TEAM = TW22ZPTJ5Y;
				ENABLE_PREVIEWS = YES;
				GENERATE_INFOPLIST_FILE = YES;
				INFOPLIST_FILE = DissertationProject2023/Info.plist;
				INFOPLIST_KEY_UIApplicationSceneManifest_Generation = YES;
				INFOPLIST_KEY_UIApplicationSupportsIndirectInputEvents = YES;
				INFOPLIST_KEY_UILaunchScreen_Generation = YES;
				INFOPLIST_KEY_UISupportedInterfaceOrientations_iPad = "UIInterfaceOrientationPortrait UIInterfaceOrientationPortraitUpsideDown";
				INFOPLIST_KEY_UISupportedInterfaceOrientations_iPhone = UIInterfaceOrientationPortrait;
				LD_RUNPATH_SEARCH_PATHS = (
					"$(inherited)",
					"@executable_path/Frameworks",
				);
				MARKETING_VERSION = 1.0;
				PRODUCT_BUNDLE_IDENTIFIER = com.louiscgf.DissertationProject2023;
				PRODUCT_NAME = "$(TARGET_NAME)";
				SWIFT_EMIT_LOC_STRINGS = YES;
				SWIFT_VERSION = 5.0;
				TARGETED_DEVICE_FAMILY = "1,2";
			};
			name = Debug;
		};
		BFE0A5AF29AFF9EA00D47803 /* Release */ = {
			isa = XCBuildConfiguration;
			buildSettings = {
				ASSETCATALOG_COMPILER_APPICON_NAME = AppIcon;
				ASSETCATALOG_COMPILER_GLOBAL_ACCENT_COLOR_NAME = AccentColor;
				CODE_SIGN_STYLE = Automatic;
				CURRENT_PROJECT_VERSION = 1;
				DEVELOPMENT_ASSET_PATHS = "\"DissertationProject2023/Preview Content\"";
				DEVELOPMENT_TEAM = TW22ZPTJ5Y;
				ENABLE_PREVIEWS = YES;
				GENERATE_INFOPLIST_FILE = YES;
				INFOPLIST_FILE = DissertationProject2023/Info.plist;
				INFOPLIST_KEY_UIApplicationSceneManifest_Generation = YES;
				INFOPLIST_KEY_UIApplicationSupportsIndirectInputEvents = YES;
				INFOPLIST_KEY_UILaunchScreen_Generation = YES;
				INFOPLIST_KEY_UISupportedInterfaceOrientations_iPad = "UIInterfaceOrientationPortrait UIInterfaceOrientationPortraitUpsideDown";
				INFOPLIST_KEY_UISupportedInterfaceOrientations_iPhone = UIInterfaceOrientationPortrait;
				LD_RUNPATH_SEARCH_PATHS = (
					"$(inherited)",
					"@executable_path/Frameworks",
				);
				MARKETING_VERSION = 1.0;
				PRODUCT_BUNDLE_IDENTIFIER = com.louiscgf.DissertationProject2023;
				PRODUCT_NAME = "$(TARGET_NAME)";
				SWIFT_EMIT_LOC_STRINGS = YES;
				SWIFT_VERSION = 5.0;
				TARGETED_DEVICE_FAMILY = "1,2";
			};
			name = Release;
		};
/* End XCBuildConfiguration section */

/* Begin XCConfigurationList section */
		BFE0A59A29AFF9E800D47803 /* Build configuration list for PBXProject "DissertationProject2023" */ = {
			isa = XCConfigurationList;
			buildConfigurations = (
				BFE0A5AB29AFF9EA00D47803 /* Debug */,
				BFE0A5AC29AFF9EA00D47803 /* Release */,
			);
			defaultConfigurationIsVisible = 0;
			defaultConfigurationName = Release;
		};
		BFE0A5AD29AFF9EA00D47803 /* Build configuration list for PBXNativeTarget "DissertationProject2023" */ = {
			isa = XCConfigurationList;
			buildConfigurations = (
				BFE0A5AE29AFF9EA00D47803 /* Debug */,
				BFE0A5AF29AFF9EA00D47803 /* Release */,
			);
			defaultConfigurationIsVisible = 0;
			defaultConfigurationName = Release;
		};
/* End XCConfigurationList section */

/* Begin XCRemoteSwiftPackageReference section */
		BF906A1529B65F8500B0E709 /* XCRemoteSwiftPackageReference "GoogleSignIn-iOS" */ = {
			isa = XCRemoteSwiftPackageReference;
			repositoryURL = "https://github.com/google/GoogleSignIn-iOS";
			requirement = {
				branch = main;
				kind = branch;
			};
		};
		BFB6A20C29B2910700FF84F5 /* XCRemoteSwiftPackageReference "firebase-ios-sdk" */ = {
			isa = XCRemoteSwiftPackageReference;
			repositoryURL = "https://github.com/firebase/firebase-ios-sdk.git";
			requirement = {
				kind = upToNextMajorVersion;
				minimumVersion = 9.0.0;
			};
		};
/* End XCRemoteSwiftPackageReference section */

/* Begin XCSwiftPackageProductDependency section */
		BF906A1629B65F8500B0E709 /* GoogleSignIn */ = {
			isa = XCSwiftPackageProductDependency;
			package = BF906A1529B65F8500B0E709 /* XCRemoteSwiftPackageReference "GoogleSignIn-iOS" */;
			productName = GoogleSignIn;
		};
		BF906A1829B65F8500B0E709 /* GoogleSignInSwift */ = {
			isa = XCSwiftPackageProductDependency;
			package = BF906A1529B65F8500B0E709 /* XCRemoteSwiftPackageReference "GoogleSignIn-iOS" */;
			productName = GoogleSignInSwift;
		};
		BFB6A20D29B2910700FF84F5 /* FirebaseAuth */ = {
			isa = XCSwiftPackageProductDependency;
			package = BFB6A20C29B2910700FF84F5 /* XCRemoteSwiftPackageReference "firebase-ios-sdk" */;
			productName = FirebaseAuth;
		};
		BFB6A20F29B2910700FF84F5 /* FirebaseDatabase */ = {
			isa = XCSwiftPackageProductDependency;
			package = BFB6A20C29B2910700FF84F5 /* XCRemoteSwiftPackageReference "firebase-ios-sdk" */;
			productName = FirebaseDatabase;
		};
		BFB6A21129B2910700FF84F5 /* FirebaseFirestore */ = {
			isa = XCSwiftPackageProductDependency;
			package = BFB6A20C29B2910700FF84F5 /* XCRemoteSwiftPackageReference "firebase-ios-sdk" */;
			productName = FirebaseFirestore;
		};
		BFB6A21329B2910700FF84F5 /* FirebaseStorage */ = {
			isa = XCSwiftPackageProductDependency;
			package = BFB6A20C29B2910700FF84F5 /* XCRemoteSwiftPackageReference "firebase-ios-sdk" */;
			productName = FirebaseStorage;
		};
/* End XCSwiftPackageProductDependency section */
	};
	rootObject = BFE0A59729AFF9E800D47803 /* Project object */;
}
