// !$*UTF8*$!
{
	archiveVersion = 1;
	classes = {
	};
	objectVersion = 56;
	objects = {

/* Begin PBXBuildFile section */
		BF63D1D429B10B00004EDB65 /* WelcomePageView.swift in Sources */ = {isa = PBXBuildFile; fileRef = BF63D1D329B10B00004EDB65 /* WelcomePageView.swift */; };
		BF63D1D729B10CE4004EDB65 /* SocialIconView.swift in Sources */ = {isa = PBXBuildFile; fileRef = BF63D1D629B10CE4004EDB65 /* SocialIconView.swift */; };
		BF63D1D929B10E15004EDB65 /* SocialIconsGroupView.swift in Sources */ = {isa = PBXBuildFile; fileRef = BF63D1D829B10E15004EDB65 /* SocialIconsGroupView.swift */; };
		BF63D1DB29B12517004EDB65 /* LoginAndRegisterView.swift in Sources */ = {isa = PBXBuildFile; fileRef = BF63D1DA29B12517004EDB65 /* LoginAndRegisterView.swift */; };
		BF816F8429B3BB4C00F6CA26 /* RegistrationViewModel.swift in Sources */ = {isa = PBXBuildFile; fileRef = BF816F8329B3BB4C00F6CA26 /* RegistrationViewModel.swift */; };
		BF816F8829B3C26700F6CA26 /* SessionUserDetails.swift in Sources */ = {isa = PBXBuildFile; fileRef = BF816F8729B3C26700F6CA26 /* SessionUserDetails.swift */; };
		BF816F8B29B3C2E000F6CA26 /* SessionService.swift in Sources */ = {isa = PBXBuildFile; fileRef = BF816F8A29B3C2E000F6CA26 /* SessionService.swift */; };
		BF816F8F29B3DA2F00F6CA26 /* GoogleService-Info.plist in Resources */ = {isa = PBXBuildFile; fileRef = BF816F8E29B3DA2F00F6CA26 /* GoogleService-Info.plist */; };
		BF816F9229B3E14900F6CA26 /* LoginCredentials.swift in Sources */ = {isa = PBXBuildFile; fileRef = BF816F9129B3E14900F6CA26 /* LoginCredentials.swift */; };
		BF816F9529B3E1A000F6CA26 /* LoginService.swift in Sources */ = {isa = PBXBuildFile; fileRef = BF816F9429B3E1A000F6CA26 /* LoginService.swift */; };
		BF816F9829B3E3B400F6CA26 /* LoginViewModel.swift in Sources */ = {isa = PBXBuildFile; fileRef = BF816F9729B3E3B400F6CA26 /* LoginViewModel.swift */; };
		BF816F9B29B3E79C00F6CA26 /* ForgotPasswordService.swift in Sources */ = {isa = PBXBuildFile; fileRef = BF816F9A29B3E79C00F6CA26 /* ForgotPasswordService.swift */; };
		BF816F9E29B3ED0B00F6CA26 /* ForgotPasswordViewModel.swift in Sources */ = {isa = PBXBuildFile; fileRef = BF816F9D29B3ED0B00F6CA26 /* ForgotPasswordViewModel.swift */; };
		BF906A1729B65F8500B0E709 /* GoogleSignIn in Frameworks */ = {isa = PBXBuildFile; productRef = BF906A1629B65F8500B0E709 /* GoogleSignIn */; };
		BF906A1929B65F8500B0E709 /* GoogleSignInSwift in Frameworks */ = {isa = PBXBuildFile; productRef = BF906A1829B65F8500B0E709 /* GoogleSignInSwift */; };
		BFB6A1F529B2739700FF84F5 /* InputTextFieldView.swift in Sources */ = {isa = PBXBuildFile; fileRef = BFB6A1F429B2739700FF84F5 /* InputTextFieldView.swift */; };
		BFB6A1F829B276A500FF84F5 /* PreviewLayoutComponentModifier.swift in Sources */ = {isa = PBXBuildFile; fileRef = BFB6A1F729B276A500FF84F5 /* PreviewLayoutComponentModifier.swift */; };
		BFB6A1FA29B277BB00FF84F5 /* InputPasswordView.swift in Sources */ = {isa = PBXBuildFile; fileRef = BFB6A1F929B277BB00FF84F5 /* InputPasswordView.swift */; };
		BFB6A1FC29B27A4800FF84F5 /* ButtonView.swift in Sources */ = {isa = PBXBuildFile; fileRef = BFB6A1FB29B27A4800FF84F5 /* ButtonView.swift */; };
		BFB6A1FF29B2812F00FF84F5 /* CloseModifier.swift in Sources */ = {isa = PBXBuildFile; fileRef = BFB6A1FE29B2812F00FF84F5 /* CloseModifier.swift */; };
		BFB6A20329B285F100FF84F5 /* HomeView.swift in Sources */ = {isa = PBXBuildFile; fileRef = BFB6A20229B285F100FF84F5 /* HomeView.swift */; };
		BFB6A20529B286F500FF84F5 /* ForgotPasswordView.swift in Sources */ = {isa = PBXBuildFile; fileRef = BFB6A20429B286F500FF84F5 /* ForgotPasswordView.swift */; };
		BFB6A20829B28EA700FF84F5 /* RegistrationDetails.swift in Sources */ = {isa = PBXBuildFile; fileRef = BFB6A20729B28EA700FF84F5 /* RegistrationDetails.swift */; };
		BFB6A20B29B28F1400FF84F5 /* RegistrationService.swift in Sources */ = {isa = PBXBuildFile; fileRef = BFB6A20A29B28F1400FF84F5 /* RegistrationService.swift */; };
		BFB6A20E29B2910700FF84F5 /* FirebaseAuth in Frameworks */ = {isa = PBXBuildFile; productRef = BFB6A20D29B2910700FF84F5 /* FirebaseAuth */; };
		BFB6A21029B2910700FF84F5 /* FirebaseDatabase in Frameworks */ = {isa = PBXBuildFile; productRef = BFB6A20F29B2910700FF84F5 /* FirebaseDatabase */; };
		BFB6A21229B2910700FF84F5 /* FirebaseFirestore in Frameworks */ = {isa = PBXBuildFile; productRef = BFB6A21129B2910700FF84F5 /* FirebaseFirestore */; };
		BFB6A21429B2910700FF84F5 /* FirebaseStorage in Frameworks */ = {isa = PBXBuildFile; productRef = BFB6A21329B2910700FF84F5 /* FirebaseStorage */; };
		BFE0A5A329AFF9E900D47803 /* DissertationProject2023App.swift in Sources */ = {isa = PBXBuildFile; fileRef = BFE0A5A229AFF9E900D47803 /* DissertationProject2023App.swift */; };
		BFE0A5A529AFF9E900D47803 /* ContentView.swift in Sources */ = {isa = PBXBuildFile; fileRef = BFE0A5A429AFF9E900D47803 /* ContentView.swift */; };
		BFE0A5A729AFF9EA00D47803 /* Assets.xcassets in Resources */ = {isa = PBXBuildFile; fileRef = BFE0A5A629AFF9EA00D47803 /* Assets.xcassets */; };
		BFE0A5AA29AFF9EA00D47803 /* Preview Assets.xcassets in Resources */ = {isa = PBXBuildFile; fileRef = BFE0A5A929AFF9EA00D47803 /* Preview Assets.xcassets */; };
/* End PBXBuildFile section */

/* Begin PBXFileReference section */
		BF63D1D329B10B00004EDB65 /* WelcomePageView.swift */ = {isa = PBXFileReference; lastKnownFileType = sourcecode.swift; path = WelcomePageView.swift; sourceTree = "<group>"; };
		BF63D1D629B10CE4004EDB65 /* SocialIconView.swift */ = {isa = PBXFileReference; lastKnownFileType = sourcecode.swift; path = SocialIconView.swift; sourceTree = "<group>"; };
		BF63D1D829B10E15004EDB65 /* SocialIconsGroupView.swift */ = {isa = PBXFileReference; lastKnownFileType = sourcecode.swift; path = SocialIconsGroupView.swift; sourceTree = "<group>"; };
		BF63D1DA29B12517004EDB65 /* LoginAndRegisterView.swift */ = {isa = PBXFileReference; lastKnownFileType = sourcecode.swift; path = LoginAndRegisterView.swift; sourceTree = "<group>"; };
		BF816F8329B3BB4C00F6CA26 /* RegistrationViewModel.swift */ = {isa = PBXFileReference; lastKnownFileType = sourcecode.swift; path = RegistrationViewModel.swift; sourceTree = "<group>"; };
		BF816F8729B3C26700F6CA26 /* SessionUserDetails.swift */ = {isa = PBXFileReference; lastKnownFileType = sourcecode.swift; path = SessionUserDetails.swift; sourceTree = "<group>"; };
		BF816F8A29B3C2E000F6CA26 /* SessionService.swift */ = {isa = PBXFileReference; lastKnownFileType = sourcecode.swift; path = SessionService.swift; sourceTree = "<group>"; };
		BF816F8E29B3DA2F00F6CA26 /* GoogleService-Info.plist */ = {isa = PBXFileReference; fileEncoding = 4; lastKnownFileType = text.plist.xml; path = "GoogleService-Info.plist"; sourceTree = "<group>"; };
		BF816F9129B3E14900F6CA26 /* LoginCredentials.swift */ = {isa = PBXFileReference; lastKnownFileType = sourcecode.swift; path = LoginCredentials.swift; sourceTree = "<group>"; };
		BF816F9429B3E1A000F6CA26 /* LoginService.swift */ = {isa = PBXFileReference; lastKnownFileType = sourcecode.swift; path = LoginService.swift; sourceTree = "<group>"; };
		BF816F9729B3E3B400F6CA26 /* LoginViewModel.swift */ = {isa = PBXFileReference; lastKnownFileType = sourcecode.swift; path = LoginViewModel.swift; sourceTree = "<group>"; };
		BF816F9A29B3E79C00F6CA26 /* ForgotPasswordService.swift */ = {isa = PBXFileReference; lastKnownFileType = sourcecode.swift; path = ForgotPasswordService.swift; sourceTree = "<group>"; };
		BF816F9D29B3ED0B00F6CA26 /* ForgotPasswordViewModel.swift */ = {isa = PBXFileReference; lastKnownFileType = sourcecode.swift; path = ForgotPasswordViewModel.swift; sourceTree = "<group>"; };
		BFB6A1F429B2739700FF84F5 /* InputTextFieldView.swift */ = {isa = PBXFileReference; lastKnownFileType = sourcecode.swift; path = InputTextFieldView.swift; sourceTree = "<group>"; };
		BFB6A1F729B276A500FF84F5 /* PreviewLayoutComponentModifier.swift */ = {isa = PBXFileReference; lastKnownFileType = sourcecode.swift; path = PreviewLayoutComponentModifier.swift; sourceTree = "<group>"; };
		BFB6A1F929B277BB00FF84F5 /* InputPasswordView.swift */ = {isa = PBXFileReference; lastKnownFileType = sourcecode.swift; path = InputPasswordView.swift; sourceTree = "<group>"; };
		BFB6A1FB29B27A4800FF84F5 /* ButtonView.swift */ = {isa = PBXFileReference; lastKnownFileType = sourcecode.swift; path = ButtonView.swift; sourceTree = "<group>"; };
		BFB6A1FE29B2812F00FF84F5 /* CloseModifier.swift */ = {isa = PBXFileReference; lastKnownFileType = sourcecode.swift; path = CloseModifier.swift; sourceTree = "<group>"; };
		BFB6A20229B285F100FF84F5 /* HomeView.swift */ = {isa = PBXFileReference; lastKnownFileType = sourcecode.swift; path = HomeView.swift; sourceTree = "<group>"; };
		BFB6A20429B286F500FF84F5 /* ForgotPasswordView.swift */ = {isa = PBXFileReference; lastKnownFileType = sourcecode.swift; path = ForgotPasswordView.swift; sourceTree = "<group>"; };
		BFB6A20729B28EA700FF84F5 /* RegistrationDetails.swift */ = {isa = PBXFileReference; lastKnownFileType = sourcecode.swift; path = RegistrationDetails.swift; sourceTree = "<group>"; };
		BFB6A20A29B28F1400FF84F5 /* RegistrationService.swift */ = {isa = PBXFileReference; lastKnownFileType = sourcecode.swift; path = RegistrationService.swift; sourceTree = "<group>"; };
		BFE0A59F29AFF9E900D47803 /* DissertationProject2023.app */ = {isa = PBXFileReference; explicitFileType = wrapper.application; includeInIndex = 0; path = DissertationProject2023.app; sourceTree = BUILT_PRODUCTS_DIR; };
		BFE0A5A229AFF9E900D47803 /* DissertationProject2023App.swift */ = {isa = PBXFileReference; lastKnownFileType = sourcecode.swift; path = DissertationProject2023App.swift; sourceTree = "<group>"; };
		BFE0A5A429AFF9E900D47803 /* ContentView.swift */ = {isa = PBXFileReference; lastKnownFileType = sourcecode.swift; path = ContentView.swift; sourceTree = "<group>"; };
		BFE0A5A629AFF9EA00D47803 /* Assets.xcassets */ = {isa = PBXFileReference; lastKnownFileType = folder.assetcatalog; path = Assets.xcassets; sourceTree = "<group>"; };
		BFE0A5A929AFF9EA00D47803 /* Preview Assets.xcassets */ = {isa = PBXFileReference; lastKnownFileType = folder.assetcatalog; path = "Preview Assets.xcassets"; sourceTree = "<group>"; };
/* End PBXFileReference section */

/* Begin PBXFrameworksBuildPhase section */
		BFE0A59C29AFF9E900D47803 /* Frameworks */ = {
			isa = PBXFrameworksBuildPhase;
			buildActionMask = 2147483647;
			files = (
				BF906A1729B65F8500B0E709 /* GoogleSignIn in Frameworks */,
				BFB6A21029B2910700FF84F5 /* FirebaseDatabase in Frameworks */,
				BFB6A21429B2910700FF84F5 /* FirebaseStorage in Frameworks */,
				BF906A1929B65F8500B0E709 /* GoogleSignInSwift in Frameworks */,
				BFB6A20E29B2910700FF84F5 /* FirebaseAuth in Frameworks */,
				BFB6A21229B2910700FF84F5 /* FirebaseFirestore in Frameworks */,
			);
			runOnlyForDeploymentPostprocessing = 0;
		};
/* End PBXFrameworksBuildPhase section */

/* Begin PBXGroup section */
		BF63D1D529B10C73004EDB65 /* LoginAndRegister */ = {
			isa = PBXGroup;
			children = (
				BF816F9C29B3ECF200F6CA26 /* ForgotPasswordViewModel */,
				BF816F9929B3E78600F6CA26 /* ForgotPasswordService */,
				BF816F9629B3E39D00F6CA26 /* LoginViewModel */,
				BF816F9329B3E18800F6CA26 /* LoginService */,
				BF816F9029B3E12900F6CA26 /* LoginModel */,
				BF816F8229B3BB2300F6CA26 /* RegistrationViewModel */,
				BFB6A20929B28F0100FF84F5 /* RegistrationService */,
				BFB6A20629B28E6300FF84F5 /* RegisterModel */,
				BFB6A1FD29B27CF800FF84F5 /* Views */,
			);
			path = LoginAndRegister;
			sourceTree = "<group>";
		};
		BF816F8229B3BB2300F6CA26 /* RegistrationViewModel */ = {
			isa = PBXGroup;
			children = (
				BF816F8329B3BB4C00F6CA26 /* RegistrationViewModel.swift */,
			);
			path = RegistrationViewModel;
			sourceTree = "<group>";
		};
		BF816F8529B3C20B00F6CA26 /* Session */ = {
			isa = PBXGroup;
			children = (
				BF816F8929B3C2CB00F6CA26 /* Service */,
				BF816F8629B3C24200F6CA26 /* Model */,
			);
			path = Session;
			sourceTree = "<group>";
		};
		BF816F8629B3C24200F6CA26 /* Model */ = {
			isa = PBXGroup;
			children = (
				BF816F8729B3C26700F6CA26 /* SessionUserDetails.swift */,
			);
			path = Model;
			sourceTree = "<group>";
		};
		BF816F8929B3C2CB00F6CA26 /* Service */ = {
			isa = PBXGroup;
			children = (
				BF816F8A29B3C2E000F6CA26 /* SessionService.swift */,
			);
			path = Service;
			sourceTree = "<group>";
		};
		BF816F9029B3E12900F6CA26 /* LoginModel */ = {
			isa = PBXGroup;
			children = (
				BF816F9129B3E14900F6CA26 /* LoginCredentials.swift */,
			);
			path = LoginModel;
			sourceTree = "<group>";
		};
		BF816F9329B3E18800F6CA26 /* LoginService */ = {
			isa = PBXGroup;
			children = (
				BF816F9429B3E1A000F6CA26 /* LoginService.swift */,
			);
			path = LoginService;
			sourceTree = "<group>";
		};
		BF816F9629B3E39D00F6CA26 /* LoginViewModel */ = {
			isa = PBXGroup;
			children = (
				BF816F9729B3E3B400F6CA26 /* LoginViewModel.swift */,
			);
			path = LoginViewModel;
			sourceTree = "<group>";
		};
		BF816F9929B3E78600F6CA26 /* ForgotPasswordService */ = {
			isa = PBXGroup;
			children = (
				BF816F9A29B3E79C00F6CA26 /* ForgotPasswordService.swift */,
			);
			path = ForgotPasswordService;
			sourceTree = "<group>";
		};
		BF816F9C29B3ECF200F6CA26 /* ForgotPasswordViewModel */ = {
			isa = PBXGroup;
			children = (
				BF816F9D29B3ED0B00F6CA26 /* ForgotPasswordViewModel.swift */,
			);
			path = ForgotPasswordViewModel;
			sourceTree = "<group>";
		};
		BFB6A1F229B2735F00FF84F5 /* Base */ = {
			isa = PBXGroup;
			children = (
				BFB6A1F629B2766C00FF84F5 /* Modifier */,
				BFB6A1F329B2737A00FF84F5 /* Views */,
			);
			path = Base;
			sourceTree = "<group>";
		};
		BFB6A1F329B2737A00FF84F5 /* Views */ = {
			isa = PBXGroup;
			children = (
				BFB6A1F429B2739700FF84F5 /* InputTextFieldView.swift */,
				BFB6A1F929B277BB00FF84F5 /* InputPasswordView.swift */,
				BFB6A1FB29B27A4800FF84F5 /* ButtonView.swift */,
			);
			path = Views;
			sourceTree = "<group>";
		};
		BFB6A1F629B2766C00FF84F5 /* Modifier */ = {
			isa = PBXGroup;
			children = (
				BFB6A1F729B276A500FF84F5 /* PreviewLayoutComponentModifier.swift */,
				BFB6A1FE29B2812F00FF84F5 /* CloseModifier.swift */,
			);
			path = Modifier;
			sourceTree = "<group>";
		};
		BFB6A1FD29B27CF800FF84F5 /* Views */ = {
			isa = PBXGroup;
			children = (
				BF63D1D329B10B00004EDB65 /* WelcomePageView.swift */,
				BF63D1DA29B12517004EDB65 /* LoginAndRegisterView.swift */,
				BF63D1D629B10CE4004EDB65 /* SocialIconView.swift */,
				BF63D1D829B10E15004EDB65 /* SocialIconsGroupView.swift */,
				BFB6A20429B286F500FF84F5 /* ForgotPasswordView.swift */,
			);
			path = Views;
			sourceTree = "<group>";
		};
		BFB6A20029B2855A00FF84F5 /* Home */ = {
			isa = PBXGroup;
			children = (
				BFB6A20129B285D800FF84F5 /* View */,
			);
			path = Home;
			sourceTree = "<group>";
		};
		BFB6A20129B285D800FF84F5 /* View */ = {
			isa = PBXGroup;
			children = (
				BFB6A20229B285F100FF84F5 /* HomeView.swift */,
			);
			path = View;
			sourceTree = "<group>";
		};
		BFB6A20629B28E6300FF84F5 /* RegisterModel */ = {
			isa = PBXGroup;
			children = (
				BFB6A20729B28EA700FF84F5 /* RegistrationDetails.swift */,
			);
			path = RegisterModel;
			sourceTree = "<group>";
		};
		BFB6A20929B28F0100FF84F5 /* RegistrationService */ = {
			isa = PBXGroup;
			children = (
				BFB6A20A29B28F1400FF84F5 /* RegistrationService.swift */,
			);
			path = RegistrationService;
			sourceTree = "<group>";
		};
		BFE0A59629AFF9E800D47803 = {
			isa = PBXGroup;
			children = (
				BFE0A5A129AFF9E900D47803 /* DissertationProject2023 */,
				BFE0A5A029AFF9E900D47803 /* Products */,
			);
			sourceTree = "<group>";
		};
		BFE0A5A029AFF9E900D47803 /* Products */ = {
			isa = PBXGroup;
			children = (
				BFE0A59F29AFF9E900D47803 /* DissertationProject2023.app */,
			);
			name = Products;
			sourceTree = "<group>";
		};
		BFE0A5A129AFF9E900D47803 /* DissertationProject2023 */ = {
			isa = PBXGroup;
			children = (
				BFE0A5A229AFF9E900D47803 /* DissertationProject2023App.swift */,
				BFB6A1F229B2735F00FF84F5 /* Base */,
				BF63D1D529B10C73004EDB65 /* LoginAndRegister */,
				BF816F8529B3C20B00F6CA26 /* Session */,
				BFB6A20029B2855A00FF84F5 /* Home */,
				BFE0A5A429AFF9E900D47803 /* ContentView.swift */,
				BFE0A5A629AFF9EA00D47803 /* Assets.xcassets */,
				BF816F8E29B3DA2F00F6CA26 /* GoogleService-Info.plist */,
				BFE0A5A829AFF9EA00D47803 /* Preview Content */,
			);
			path = DissertationProject2023;
			sourceTree = "<group>";
		};
		BFE0A5A829AFF9EA00D47803 /* Preview Content */ = {
			isa = PBXGroup;
			children = (
				BFE0A5A929AFF9EA00D47803 /* Preview Assets.xcassets */,
			);
			path = "Preview Content";
			sourceTree = "<group>";
		};
/* End PBXGroup section */

/* Begin PBXNativeTarget section */
		BFE0A59E29AFF9E900D47803 /* DissertationProject2023 */ = {
			isa = PBXNativeTarget;
			buildConfigurationList = BFE0A5AD29AFF9EA00D47803 /* Build configuration list for PBXNativeTarget "DissertationProject2023" */;
			buildPhases = (
				BFE0A59B29AFF9E900D47803 /* Sources */,
				BFE0A59C29AFF9E900D47803 /* Frameworks */,
				BFE0A59D29AFF9E900D47803 /* Resources */,
			);
			buildRules = (
			);
			dependencies = (
			);
			name = DissertationProject2023;
			packageProductDependencies = (
				BFB6A20D29B2910700FF84F5 /* FirebaseAuth */,
				BFB6A20F29B2910700FF84F5 /* FirebaseDatabase */,
				BFB6A21129B2910700FF84F5 /* FirebaseFirestore */,
				BFB6A21329B2910700FF84F5 /* FirebaseStorage */,
				BF906A1629B65F8500B0E709 /* GoogleSignIn */,
				BF906A1829B65F8500B0E709 /* GoogleSignInSwift */,
			);
			productName = DissertationProject2023;
			productReference = BFE0A59F29AFF9E900D47803 /* DissertationProject2023.app */;
			productType = "com.apple.product-type.application";
		};
/* End PBXNativeTarget section */

/* Begin PBXProject section */
		BFE0A59729AFF9E800D47803 /* Project object */ = {
			isa = PBXProject;
			attributes = {
				BuildIndependentTargetsInParallel = 1;
				LastSwiftUpdateCheck = 1420;
				LastUpgradeCheck = 1420;
				TargetAttributes = {
					BFE0A59E29AFF9E900D47803 = {
						CreatedOnToolsVersion = 14.2;
					};
				};
			};
			buildConfigurationList = BFE0A59A29AFF9E800D47803 /* Build configuration list for PBXProject "DissertationProject2023" */;
			compatibilityVersion = "Xcode 14.0";
			developmentRegion = en;
			hasScannedForEncodings = 0;
			knownRegions = (
				en,
				Base,
			);
			mainGroup = BFE0A59629AFF9E800D47803;
			packageReferences = (
				BFB6A20C29B2910700FF84F5 /* XCRemoteSwiftPackageReference "firebase-ios-sdk" */,
				BF906A1529B65F8500B0E709 /* XCRemoteSwiftPackageReference "GoogleSignIn-iOS" */,
			);
			productRefGroup = BFE0A5A029AFF9E900D47803 /* Products */;
			projectDirPath = "";
			projectRoot = "";
			targets = (
				BFE0A59E29AFF9E900D47803 /* DissertationProject2023 */,
			);
		};
/* End PBXProject section */

/* Begin PBXResourcesBuildPhase section */
		BFE0A59D29AFF9E900D47803 /* Resources */ = {
			isa = PBXResourcesBuildPhase;
			buildActionMask = 2147483647;
			files = (
				BFE0A5AA29AFF9EA00D47803 /* Preview Assets.xcassets in Resources */,
				BF816F8F29B3DA2F00F6CA26 /* GoogleService-Info.plist in Resources */,
				BFE0A5A729AFF9EA00D47803 /* Assets.xcassets in Resources */,
			);
			runOnlyForDeploymentPostprocessing = 0;
		};
/* End PBXResourcesBuildPhase section */

/* Begin PBXSourcesBuildPhase section */
		BFE0A59B29AFF9E900D47803 /* Sources */ = {
			isa = PBXSourcesBuildPhase;
			buildActionMask = 2147483647;
			files = (
				BFE0A5A529AFF9E900D47803 /* ContentView.swift in Sources */,
				BFB6A20B29B28F1400FF84F5 /* RegistrationService.swift in Sources */,
				BFB6A1F829B276A500FF84F5 /* PreviewLayoutComponentModifier.swift in Sources */,
				BF63D1DB29B12517004EDB65 /* LoginAndRegisterView.swift in Sources */,
				BF63D1D429B10B00004EDB65 /* WelcomePageView.swift in Sources */,
				BFE0A5A329AFF9E900D47803 /* DissertationProject2023App.swift in Sources */,
				BF816F9229B3E14900F6CA26 /* LoginCredentials.swift in Sources */,
				BF816F9529B3E1A000F6CA26 /* LoginService.swift in Sources */,
				BF816F8B29B3C2E000F6CA26 /* SessionService.swift in Sources */,
				BFB6A20829B28EA700FF84F5 /* RegistrationDetails.swift in Sources */,
				BFB6A1FF29B2812F00FF84F5 /* CloseModifier.swift in Sources */,
				BF816F9B29B3E79C00F6CA26 /* ForgotPasswordService.swift in Sources */,
				BFB6A1FA29B277BB00FF84F5 /* InputPasswordView.swift in Sources */,
				BF816F8829B3C26700F6CA26 /* SessionUserDetails.swift in Sources */,
				BFB6A1FC29B27A4800FF84F5 /* ButtonView.swift in Sources */,
				BFB6A20529B286F500FF84F5 /* ForgotPasswordView.swift in Sources */,
				BF63D1D929B10E15004EDB65 /* SocialIconsGroupView.swift in Sources */,
				BFB6A20329B285F100FF84F5 /* HomeView.swift in Sources */,
				BF816F8429B3BB4C00F6CA26 /* RegistrationViewModel.swift in Sources */,
				BF816F9E29B3ED0B00F6CA26 /* ForgotPasswordViewModel.swift in Sources */,
				BFB6A1F529B2739700FF84F5 /* InputTextFieldView.swift in Sources */,
				BF63D1D729B10CE4004EDB65 /* SocialIconView.swift in Sources */,
				BF816F9829B3E3B400F6CA26 /* LoginViewModel.swift in Sources */,
			);
			runOnlyForDeploymentPostprocessing = 0;
		};
/* End PBXSourcesBuildPhase section */

/* Begin XCBuildConfiguration section */
		BFE0A5AB29AFF9EA00D47803 /* Debug */ = {
			isa = XCBuildConfiguration;
			buildSettings = {
				ALWAYS_SEARCH_USER_PATHS = NO;
				CLANG_ANALYZER_NONNULL = YES;
				CLANG_ANALYZER_NUMBER_OBJECT_CONVERSION = YES_AGGRESSIVE;
				CLANG_CXX_LANGUAGE_STANDARD = "gnu++20";
				CLANG_ENABLE_MODULES = YES;
				CLANG_ENABLE_OBJC_ARC = YES;
				CLANG_ENABLE_OBJC_WEAK = YES;
				CLANG_WARN_BLOCK_CAPTURE_AUTORELEASING = YES;
				CLANG_WARN_BOOL_CONVERSION = YES;
				CLANG_WARN_COMMA = YES;
				CLANG_WARN_CONSTANT_CONVERSION = YES;
				CLANG_WARN_DEPRECATED_OBJC_IMPLEMENTATIONS = YES;
				CLANG_WARN_DIRECT_OBJC_ISA_USAGE = YES_ERROR;
				CLANG_WARN_DOCUMENTATION_COMMENTS = YES;
				CLANG_WARN_EMPTY_BODY = YES;
				CLANG_WARN_ENUM_CONVERSION = YES;
				CLANG_WARN_INFINITE_RECURSION = YES;
				CLANG_WARN_INT_CONVERSION = YES;
				CLANG_WARN_NON_LITERAL_NULL_CONVERSION = YES;
				CLANG_WARN_OBJC_IMPLICIT_RETAIN_SELF = YES;
				CLANG_WARN_OBJC_LITERAL_CONVERSION = YES;
				CLANG_WARN_OBJC_ROOT_CLASS = YES_ERROR;
				CLANG_WARN_QUOTED_INCLUDE_IN_FRAMEWORK_HEADER = YES;
				CLANG_WARN_RANGE_LOOP_ANALYSIS = YES;
				CLANG_WARN_STRICT_PROTOTYPES = YES;
				CLANG_WARN_SUSPICIOUS_MOVE = YES;
				CLANG_WARN_UNGUARDED_AVAILABILITY = YES_AGGRESSIVE;
				CLANG_WARN_UNREACHABLE_CODE = YES;
				CLANG_WARN__DUPLICATE_METHOD_MATCH = YES;
				COPY_PHASE_STRIP = NO;
				DEBUG_INFORMATION_FORMAT = dwarf;
				ENABLE_STRICT_OBJC_MSGSEND = YES;
				ENABLE_TESTABILITY = YES;
				GCC_C_LANGUAGE_STANDARD = gnu11;
				GCC_DYNAMIC_NO_PIC = NO;
				GCC_NO_COMMON_BLOCKS = YES;
				GCC_OPTIMIZATION_LEVEL = 0;
				GCC_PREPROCESSOR_DEFINITIONS = (
					"DEBUG=1",
					"$(inherited)",
				);
				GCC_WARN_64_TO_32_BIT_CONVERSION = YES;
				GCC_WARN_ABOUT_RETURN_TYPE = YES_ERROR;
				GCC_WARN_UNDECLARED_SELECTOR = YES;
				GCC_WARN_UNINITIALIZED_AUTOS = YES_AGGRESSIVE;
				GCC_WARN_UNUSED_FUNCTION = YES;
				GCC_WARN_UNUSED_VARIABLE = YES;
				IPHONEOS_DEPLOYMENT_TARGET = 16.2;
				MTL_ENABLE_DEBUG_INFO = INCLUDE_SOURCE;
				MTL_FAST_MATH = YES;
				ONLY_ACTIVE_ARCH = YES;
				SDKROOT = iphoneos;
				SWIFT_ACTIVE_COMPILATION_CONDITIONS = DEBUG;
				SWIFT_OPTIMIZATION_LEVEL = "-Onone";
			};
			name = Debug;
		};
		BFE0A5AC29AFF9EA00D47803 /* Release */ = {
			isa = XCBuildConfiguration;
			buildSettings = {
				ALWAYS_SEARCH_USER_PATHS = NO;
				CLANG_ANALYZER_NONNULL = YES;
				CLANG_ANALYZER_NUMBER_OBJECT_CONVERSION = YES_AGGRESSIVE;
				CLANG_CXX_LANGUAGE_STANDARD = "gnu++20";
				CLANG_ENABLE_MODULES = YES;
				CLANG_ENABLE_OBJC_ARC = YES;
				CLANG_ENABLE_OBJC_WEAK = YES;
				CLANG_WARN_BLOCK_CAPTURE_AUTORELEASING = YES;
				CLANG_WARN_BOOL_CONVERSION = YES;
				CLANG_WARN_COMMA = YES;
				CLANG_WARN_CONSTANT_CONVERSION = YES;
				CLANG_WARN_DEPRECATED_OBJC_IMPLEMENTATIONS = YES;
				CLANG_WARN_DIRECT_OBJC_ISA_USAGE = YES_ERROR;
				CLANG_WARN_DOCUMENTATION_COMMENTS = YES;
				CLANG_WARN_EMPTY_BODY = YES;
				CLANG_WARN_ENUM_CONVERSION = YES;
				CLANG_WARN_INFINITE_RECURSION = YES;
				CLANG_WARN_INT_CONVERSION = YES;
				CLANG_WARN_NON_LITERAL_NULL_CONVERSION = YES;
				CLANG_WARN_OBJC_IMPLICIT_RETAIN_SELF = YES;
				CLANG_WARN_OBJC_LITERAL_CONVERSION = YES;
				CLANG_WARN_OBJC_ROOT_CLASS = YES_ERROR;
				CLANG_WARN_QUOTED_INCLUDE_IN_FRAMEWORK_HEADER = YES;
				CLANG_WARN_RANGE_LOOP_ANALYSIS = YES;
				CLANG_WARN_STRICT_PROTOTYPES = YES;
				CLANG_WARN_SUSPICIOUS_MOVE = YES;
				CLANG_WARN_UNGUARDED_AVAILABILITY = YES_AGGRESSIVE;
				CLANG_WARN_UNREACHABLE_CODE = YES;
				CLANG_WARN__DUPLICATE_METHOD_MATCH = YES;
				COPY_PHASE_STRIP = NO;
				DEBUG_INFORMATION_FORMAT = "dwarf-with-dsym";
				ENABLE_NS_ASSERTIONS = NO;
				ENABLE_STRICT_OBJC_MSGSEND = YES;
				GCC_C_LANGUAGE_STANDARD = gnu11;
				GCC_NO_COMMON_BLOCKS = YES;
				GCC_WARN_64_TO_32_BIT_CONVERSION = YES;
				GCC_WARN_ABOUT_RETURN_TYPE = YES_ERROR;
				GCC_WARN_UNDECLARED_SELECTOR = YES;
				GCC_WARN_UNINITIALIZED_AUTOS = YES_AGGRESSIVE;
				GCC_WARN_UNUSED_FUNCTION = YES;
				GCC_WARN_UNUSED_VARIABLE = YES;
				IPHONEOS_DEPLOYMENT_TARGET = 16.2;
				MTL_ENABLE_DEBUG_INFO = NO;
				MTL_FAST_MATH = YES;
				SDKROOT = iphoneos;
				SWIFT_COMPILATION_MODE = wholemodule;
				SWIFT_OPTIMIZATION_LEVEL = "-O";
				VALIDATE_PRODUCT = YES;
			};
			name = Release;
		};
		BFE0A5AE29AFF9EA00D47803 /* Debug */ = {
			isa = XCBuildConfiguration;
			buildSettings = {
				ASSETCATALOG_COMPILER_APPICON_NAME = AppIcon;
				ASSETCATALOG_COMPILER_GLOBAL_ACCENT_COLOR_NAME = AccentColor;
				CODE_SIGN_STYLE = Automatic;
				CURRENT_PROJECT_VERSION = 1;
				DEVELOPMENT_ASSET_PATHS = "\"DissertationProject2023/Preview Content\"";
				DEVELOPMENT_TEAM = TW22ZPTJ5Y;
				ENABLE_PREVIEWS = YES;
				GENERATE_INFOPLIST_FILE = YES;
				INFOPLIST_KEY_UIApplicationSceneManifest_Generation = YES;
				INFOPLIST_KEY_UIApplicationSupportsIndirectInputEvents = YES;
				INFOPLIST_KEY_UILaunchScreen_Generation = YES;
				INFOPLIST_KEY_UISupportedInterfaceOrientations_iPad = "UIInterfaceOrientationPortrait UIInterfaceOrientationPortraitUpsideDown UIInterfaceOrientationLandscapeLeft UIInterfaceOrientationLandscapeRight";
				INFOPLIST_KEY_UISupportedInterfaceOrientations_iPhone = "UIInterfaceOrientationPortrait UIInterfaceOrientationLandscapeLeft UIInterfaceOrientationLandscapeRight";
				LD_RUNPATH_SEARCH_PATHS = (
					"$(inherited)",
					"@executable_path/Frameworks",
				);
				MARKETING_VERSION = 1.0;
				PRODUCT_BUNDLE_IDENTIFIER = com.louiscgf.DissertationProject2023;
				PRODUCT_NAME = "$(TARGET_NAME)";
				SWIFT_EMIT_LOC_STRINGS = YES;
				SWIFT_VERSION = 5.0;
				TARGETED_DEVICE_FAMILY = "1,2";
			};
			name = Debug;
		};
		BFE0A5AF29AFF9EA00D47803 /* Release */ = {
			isa = XCBuildConfiguration;
			buildSettings = {
				ASSETCATALOG_COMPILER_APPICON_NAME = AppIcon;
				ASSETCATALOG_COMPILER_GLOBAL_ACCENT_COLOR_NAME = AccentColor;
				CODE_SIGN_STYLE = Automatic;
				CURRENT_PROJECT_VERSION = 1;
				DEVELOPMENT_ASSET_PATHS = "\"DissertationProject2023/Preview Content\"";
				DEVELOPMENT_TEAM = TW22ZPTJ5Y;
				ENABLE_PREVIEWS = YES;
				GENERATE_INFOPLIST_FILE = YES;
				INFOPLIST_KEY_UIApplicationSceneManifest_Generation = YES;
				INFOPLIST_KEY_UIApplicationSupportsIndirectInputEvents = YES;
				INFOPLIST_KEY_UILaunchScreen_Generation = YES;
				INFOPLIST_KEY_UISupportedInterfaceOrientations_iPad = "UIInterfaceOrientationPortrait UIInterfaceOrientationPortraitUpsideDown UIInterfaceOrientationLandscapeLeft UIInterfaceOrientationLandscapeRight";
				INFOPLIST_KEY_UISupportedInterfaceOrientations_iPhone = "UIInterfaceOrientationPortrait UIInterfaceOrientationLandscapeLeft UIInterfaceOrientationLandscapeRight";
				LD_RUNPATH_SEARCH_PATHS = (
					"$(inherited)",
					"@executable_path/Frameworks",
				);
				MARKETING_VERSION = 1.0;
				PRODUCT_BUNDLE_IDENTIFIER = com.louiscgf.DissertationProject2023;
				PRODUCT_NAME = "$(TARGET_NAME)";
				SWIFT_EMIT_LOC_STRINGS = YES;
				SWIFT_VERSION = 5.0;
				TARGETED_DEVICE_FAMILY = "1,2";
			};
			name = Release;
		};
/* End XCBuildConfiguration section */

/* Begin XCConfigurationList section */
		BFE0A59A29AFF9E800D47803 /* Build configuration list for PBXProject "DissertationProject2023" */ = {
			isa = XCConfigurationList;
			buildConfigurations = (
				BFE0A5AB29AFF9EA00D47803 /* Debug */,
				BFE0A5AC29AFF9EA00D47803 /* Release */,
			);
			defaultConfigurationIsVisible = 0;
			defaultConfigurationName = Release;
		};
		BFE0A5AD29AFF9EA00D47803 /* Build configuration list for PBXNativeTarget "DissertationProject2023" */ = {
			isa = XCConfigurationList;
			buildConfigurations = (
				BFE0A5AE29AFF9EA00D47803 /* Debug */,
				BFE0A5AF29AFF9EA00D47803 /* Release */,
			);
			defaultConfigurationIsVisible = 0;
			defaultConfigurationName = Release;
		};
/* End XCConfigurationList section */

/* Begin XCRemoteSwiftPackageReference section */
		BF906A1529B65F8500B0E709 /* XCRemoteSwiftPackageReference "GoogleSignIn-iOS" */ = {
			isa = XCRemoteSwiftPackageReference;
			repositoryURL = "https://github.com/google/GoogleSignIn-iOS";
			requirement = {
				branch = main;
				kind = branch;
			};
		};
		BFB6A20C29B2910700FF84F5 /* XCRemoteSwiftPackageReference "firebase-ios-sdk" */ = {
			isa = XCRemoteSwiftPackageReference;
			repositoryURL = "https://github.com/firebase/firebase-ios-sdk.git";
			requirement = {
				kind = upToNextMajorVersion;
				minimumVersion = 9.0.0;
			};
		};
/* End XCRemoteSwiftPackageReference section */

/* Begin XCSwiftPackageProductDependency section */
		BF906A1629B65F8500B0E709 /* GoogleSignIn */ = {
			isa = XCSwiftPackageProductDependency;
			package = BF906A1529B65F8500B0E709 /* XCRemoteSwiftPackageReference "GoogleSignIn-iOS" */;
			productName = GoogleSignIn;
		};
		BF906A1829B65F8500B0E709 /* GoogleSignInSwift */ = {
			isa = XCSwiftPackageProductDependency;
			package = BF906A1529B65F8500B0E709 /* XCRemoteSwiftPackageReference "GoogleSignIn-iOS" */;
			productName = GoogleSignInSwift;
		};
		BFB6A20D29B2910700FF84F5 /* FirebaseAuth */ = {
			isa = XCSwiftPackageProductDependency;
			package = BFB6A20C29B2910700FF84F5 /* XCRemoteSwiftPackageReference "firebase-ios-sdk" */;
			productName = FirebaseAuth;
		};
		BFB6A20F29B2910700FF84F5 /* FirebaseDatabase */ = {
			isa = XCSwiftPackageProductDependency;
			package = BFB6A20C29B2910700FF84F5 /* XCRemoteSwiftPackageReference "firebase-ios-sdk" */;
			productName = FirebaseDatabase;
		};
		BFB6A21129B2910700FF84F5 /* FirebaseFirestore */ = {
			isa = XCSwiftPackageProductDependency;
			package = BFB6A20C29B2910700FF84F5 /* XCRemoteSwiftPackageReference "firebase-ios-sdk" */;
			productName = FirebaseFirestore;
		};
		BFB6A21329B2910700FF84F5 /* FirebaseStorage */ = {
			isa = XCSwiftPackageProductDependency;
			package = BFB6A20C29B2910700FF84F5 /* XCRemoteSwiftPackageReference "firebase-ios-sdk" */;
			productName = FirebaseStorage;
		};
/* End XCSwiftPackageProductDependency section */
	};
	rootObject = BFE0A59729AFF9E800D47803 /* Project object */;
}
